PODS:
  - ALAlertBanner (0.3.1)
  - BFPaperTableViewCell (1.2.2):
    - UIColor+BFPaperColors
  - Bolts (1.1.2)
  - Expecta (0.2.4)
  - Facebook-iOS-SDK (3.16.2):
    - Bolts
  - FLEX (1.1.0)
  - MBProgressHUD (0.8)
  - MRProgress (0.5.1):
    - MRProgress/ActivityIndicator
    - MRProgress/Blur
    - MRProgress/Circular
    - MRProgress/Helper
    - MRProgress/Icons
    - MRProgress/MessageInterceptor
    - MRProgress/NavigationBarProgress
    - MRProgress/Overlay
    - MRProgress/Stopable
    - MRProgress/WeakProxy
  - MRProgress/ActivityIndicator (0.5.1):
    - MRProgress/Stopable
  - MRProgress/Blur (0.5.1):
    - MRProgress/Helper
  - MRProgress/Circular (0.5.1):
    - MRProgress/Helper
    - MRProgress/Stopable
  - MRProgress/Helper (0.5.1)
  - MRProgress/Icons (0.5.1)
  - MRProgress/MessageInterceptor (0.5.1)
  - MRProgress/NavigationBarProgress (0.5.1)
  - MRProgress/Overlay (0.5.1):
    - MRProgress/ActivityIndicator
    - MRProgress/Blur
    - MRProgress/Circular
    - MRProgress/Helper
    - MRProgress/Icons
  - MRProgress/Stopable (0.5.1):
    - MRProgress/Helper
  - MRProgress/WeakProxy (0.5.1)
  - OCHamcrest (4.0.1)
  - OCMock (3.1.1)
  - OCMockito (1.3.0):
    - OCHamcrest (~> 4.0)
    - TPWeakProxy (~> 1.0)
  - PureLayout (1.1.0)
  - RDHCollectionViewGridLayout (1.1.2)
  - ReactiveCocoa (2.3.1):
    - ReactiveCocoa/UI
  - ReactiveCocoa/Core (2.3.1):
    - ReactiveCocoa/no-arc
  - ReactiveCocoa/no-arc (2.3.1)
  - ReactiveCocoa/UI (2.3.1):
    - ReactiveCocoa/Core
  - ReactiveViewModel (0.2):
    - ReactiveCocoa (~> 2.1)
  - RESideMenu (4.0.7)
  - SAMCategories (0.5.2)
  - SDWebImage (3.7.1):
    - SDWebImage/Core
  - SDWebImage/Core (3.7.1)
  - Specta (0.2.1)
  - TPWeakProxy (1.0.1)
  - UIColor+BFPaperColors (1.2.1)
  - ZBarSDK (1.3.1)

DEPENDENCIES:
  - ALAlertBanner (~> 0.3.1)
  - BFPaperTableViewCell (~> 1.2.2)
  - Expecta (~> 0.2.3)
  - Facebook-iOS-SDK (~> 3.13)
  - FLEX (~> 1.1.0)
  - MBProgressHUD (~> 0.8)
  - MRProgress
  - OCMock (~> 3.1.1)
  - OCMockito (~> 1.3.0)
  - PureLayout (~> 1.1.0)
  - RDHCollectionViewGridLayout
  - ReactiveCocoa (~> 2.3.1)
  - ReactiveViewModel (~> 0.2)
  - RESideMenu (~> 4.0.7)
  - SAMCategories (~> 0.5.2)
  - SDWebImage (~> 3.7.1)
  - Specta (~> 0.2.1)
  - UIColor+BFPaperColors (~> 1.2.1)
  - ZBarSDK (~> 1.2)

SPEC CHECKSUMS:
  ALAlertBanner: 1ed69e07649c04b3c8f8eab66628ba02d7ff1853
  BFPaperTableViewCell: ff06fab6bafd71a9b5cb1efc911a54e5610acd16
  Bolts: 2635e8698a630774689441047f3465d78c48d485
  Expecta: 112bcafa2304ee0f3c5e586505f24555a47b25d5
  Facebook-iOS-SDK: 34eef640c2cc4c8618ba0f574ad2b290e07f1b4e
  FLEX: fa5e81b7b25ba64afe4fad14deb27d4b95efd75e
  MBProgressHUD: c356980b0cd097f19acec959b49dca5eb8ec31be
  MRProgress: 7853c177e7d79b90e6f0910561967ebcf3289eb1
  OCHamcrest: b464725bbb48d0f1cd9c6f4ec3cb35fe0c4f2b94
  OCMock: f6cb8c162ab9d5620dddf411282c7b2c0ee78854
  OCMockito: eca2670b3ce4a457d316b046a36d6f2b980a4da7
  PureLayout: c8960fa0f3b40d849d5e177d699d0148faa63b63
  RDHCollectionViewGridLayout: c203534d9646b8c3eaeea19ab12d3194ab189b0c
  ReactiveCocoa: dca75777b9d18990c8714a3a6f2149f29b4d1462
  ReactiveViewModel: 78387196df2e7535bb2776c41df15dbb17300f8a
  RESideMenu: a9c1cd2e64e60e1d3166ddac01a83e215a0e4d30
  SAMCategories: dc26f9dc67d371d22f391ee2173bc607a887912e
  SDWebImage: 116e88633b5b416ea0ca4b334a4ac59cf72dd38d
  Specta: 9141310f46b1f68b676650ff2854e1ed0b74163a
  TPWeakProxy: da4177b6ae5eff685642c1cd9698f71ef7060ea5
  UIColor+BFPaperColors: 7b45ea51681ab93307a215e4d6b937dd2ea9968d
  ZBarSDK: 3ed560856963f765b66d834f464590bd6ba13b44

COCOAPODS: 0.33.1
