// !$*UTF8*$!
{
	archiveVersion = 1;
	classes = {
	};
	objectVersion = 46;
	objects = {

/* Begin PBXBuildFile section */
		2773CD64DAD2446DB632FF8B /* libPods-Chinese Union.a in Frameworks */ = {isa = PBXBuildFile; fileRef = 6627D301FBE3450A9F9CC593 /* libPods-Chinese Union.a */; };
		420CDC3019639AA8001EED84 /* AVFoundation.framework in Frameworks */ = {isa = PBXBuildFile; fileRef = 420CDC2F19639AA8001EED84 /* AVFoundation.framework */; };
		420CDC3219639AB9001EED84 /* CoreMedia.framework in Frameworks */ = {isa = PBXBuildFile; fileRef = 420CDC3119639AB9001EED84 /* CoreMedia.framework */; };
		420CDC3419639AC2001EED84 /* CoreVideo.framework in Frameworks */ = {isa = PBXBuildFile; fileRef = 420CDC3319639AC2001EED84 /* CoreVideo.framework */; };
		421C0EF71971E84B008711BD /* CUEditProfileGenderViewController.m in Sources */ = {isa = PBXBuildFile; fileRef = 421C0EF51971E84B008711BD /* CUEditProfileGenderViewController.m */; };
		421C0EF81971E84B008711BD /* CUEditProfileGenderViewController.xib in Resources */ = {isa = PBXBuildFile; fileRef = 421C0EF61971E84B008711BD /* CUEditProfileGenderViewController.xib */; };
		42308B2D193FBEE30022D3E7 /* MosaicLayout.m in Sources */ = {isa = PBXBuildFile; fileRef = 42308B24193FBEE30022D3E7 /* MosaicLayout.m */; };
		42308B2E193FBEE30022D3E7 /* MosaicData.m in Sources */ = {isa = PBXBuildFile; fileRef = 42308B27193FBEE30022D3E7 /* MosaicData.m */; };
		42308B2F193FBEE30022D3E7 /* MosaicCell.m in Sources */ = {isa = PBXBuildFile; fileRef = 42308B2C193FBEE30022D3E7 /* MosaicCell.m */; };
		42308B36193FBF260022D3E7 /* CUMainViewController.m in Sources */ = {isa = PBXBuildFile; fileRef = 42308B34193FBF260022D3E7 /* CUMainViewController.m */; };
		42308B37193FBF260022D3E7 /* CUMainViewController.xib in Resources */ = {isa = PBXBuildFile; fileRef = 42308B35193FBF260022D3E7 /* CUMainViewController.xib */; };
		42308B3A193FC0670022D3E7 /* CustomDataSource.m in Sources */ = {isa = PBXBuildFile; fileRef = 42308B39193FC0670022D3E7 /* CustomDataSource.m */; };
		42308B4F193FC1030022D3E7 /* AFHTTPClient.m in Sources */ = {isa = PBXBuildFile; fileRef = 42308B3D193FC1030022D3E7 /* AFHTTPClient.m */; };
		42308B50193FC1030022D3E7 /* AFHTTPRequestOperation.m in Sources */ = {isa = PBXBuildFile; fileRef = 42308B3F193FC1030022D3E7 /* AFHTTPRequestOperation.m */; };
		42308B51193FC1030022D3E7 /* AFImageRequestOperation.m in Sources */ = {isa = PBXBuildFile; fileRef = 42308B41193FC1030022D3E7 /* AFImageRequestOperation.m */; };
		42308B52193FC1030022D3E7 /* AFJSONRequestOperation.m in Sources */ = {isa = PBXBuildFile; fileRef = 42308B43193FC1030022D3E7 /* AFJSONRequestOperation.m */; };
		42308B53193FC1030022D3E7 /* AFNetworkActivityIndicatorManager.m in Sources */ = {isa = PBXBuildFile; fileRef = 42308B45193FC1030022D3E7 /* AFNetworkActivityIndicatorManager.m */; };
		42308B54193FC1030022D3E7 /* AFPropertyListRequestOperation.m in Sources */ = {isa = PBXBuildFile; fileRef = 42308B48193FC1030022D3E7 /* AFPropertyListRequestOperation.m */; };
		42308B55193FC1030022D3E7 /* AFURLConnectionOperation.m in Sources */ = {isa = PBXBuildFile; fileRef = 42308B4A193FC1030022D3E7 /* AFURLConnectionOperation.m */; };
		42308B56193FC1030022D3E7 /* AFXMLRequestOperation.m in Sources */ = {isa = PBXBuildFile; fileRef = 42308B4C193FC1030022D3E7 /* AFXMLRequestOperation.m */; };
		42308B57193FC1030022D3E7 /* UIImageView+AFNetworking.m in Sources */ = {isa = PBXBuildFile; fileRef = 42308B4E193FC1030022D3E7 /* UIImageView+AFNetworking.m */; };
		42308B59193FC14A0022D3E7 /* data.json in Resources */ = {isa = PBXBuildFile; fileRef = 42308B58193FC14A0022D3E7 /* data.json */; };
		425490791957D92B005A61B0 /* CUInputButton.m in Sources */ = {isa = PBXBuildFile; fileRef = 425490781957D92B005A61B0 /* CUInputButton.m */; };
		426CEE48194D236F00522DCF /* SLGlowingTextField.m in Sources */ = {isa = PBXBuildFile; fileRef = 426CEE47194D236F00522DCF /* SLGlowingTextField.m */; };
		426CEE51194D2BDE00522DCF /* CULoginViewController.m in Sources */ = {isa = PBXBuildFile; fileRef = 426CEE4F194D2BDE00522DCF /* CULoginViewController.m */; };
		426CEE52194D2BDE00522DCF /* CULoginViewController.xib in Resources */ = {isa = PBXBuildFile; fileRef = 426CEE50194D2BDE00522DCF /* CULoginViewController.xib */; };
		426CEE56194D459400522DCF /* NSString+Additions.m in Sources */ = {isa = PBXBuildFile; fileRef = 426CEE55194D459400522DCF /* NSString+Additions.m */; };
		42D3395A1960C75500F1CB8F /* UIViewController+Additions.m in Sources */ = {isa = PBXBuildFile; fileRef = 42D339591960C75500F1CB8F /* UIViewController+Additions.m */; };
		42D3395E1960DBF300F1CB8F /* CUEditProfileViewController.m in Sources */ = {isa = PBXBuildFile; fileRef = 42D3395C1960DBF300F1CB8F /* CUEditProfileViewController.m */; };
		42D3395F1960DBF300F1CB8F /* CUEditProfileViewController.xib in Resources */ = {isa = PBXBuildFile; fileRef = 42D3395D1960DBF300F1CB8F /* CUEditProfileViewController.xib */; };
		42D339651960DD5A00F1CB8F /* CUProfileTextCell.m in Sources */ = {isa = PBXBuildFile; fileRef = 42D339631960DD5A00F1CB8F /* CUProfileTextCell.m */; };
		42D339661960DD5A00F1CB8F /* CUProfileTextCell.xib in Resources */ = {isa = PBXBuildFile; fileRef = 42D339641960DD5A00F1CB8F /* CUProfileTextCell.xib */; };
		42D3396D1960DE7900F1CB8F /* CUProfilePicCell.m in Sources */ = {isa = PBXBuildFile; fileRef = 42D3396B1960DE7900F1CB8F /* CUProfilePicCell.m */; };
		42D3396E1960DE7900F1CB8F /* CUProfilePicCell.xib in Resources */ = {isa = PBXBuildFile; fileRef = 42D3396C1960DE7900F1CB8F /* CUProfilePicCell.xib */; };
		42D339711960E4D000F1CB8F /* NSDateFormatter+Additions.m in Sources */ = {isa = PBXBuildFile; fileRef = 42D339701960E4D000F1CB8F /* NSDateFormatter+Additions.m */; };
		42D339751960EA4200F1CB8F /* CUEditProfileTextViewController.m in Sources */ = {isa = PBXBuildFile; fileRef = 42D339731960EA4200F1CB8F /* CUEditProfileTextViewController.m */; };
		42D339761960EA4200F1CB8F /* CUEditProfileTextViewController.xib in Resources */ = {isa = PBXBuildFile; fileRef = 42D339741960EA4200F1CB8F /* CUEditProfileTextViewController.xib */; };
		42E313ED1963BFA700F5CFBC /* CUEditProfileBDViewController.m in Sources */ = {isa = PBXBuildFile; fileRef = 42E313EB1963BFA700F5CFBC /* CUEditProfileBDViewController.m */; };
		42E313EE1963BFA700F5CFBC /* CUEditProfileBDViewController.xib in Resources */ = {isa = PBXBuildFile; fileRef = 42E313EC1963BFA700F5CFBC /* CUEditProfileBDViewController.xib */; };
		42E313F01963D6B000F5CFBC /* Appsee.framework in Frameworks */ = {isa = PBXBuildFile; fileRef = 42E313EF1963D6B000F5CFBC /* Appsee.framework */; };
		5005F226193EAC1600BF3DAC /* Foundation.framework in Frameworks */ = {isa = PBXBuildFile; fileRef = 5005F225193EAC1600BF3DAC /* Foundation.framework */; };
		5005F228193EAC1600BF3DAC /* CoreGraphics.framework in Frameworks */ = {isa = PBXBuildFile; fileRef = 5005F227193EAC1600BF3DAC /* CoreGraphics.framework */; };
		5005F22A193EAC1600BF3DAC /* UIKit.framework in Frameworks */ = {isa = PBXBuildFile; fileRef = 5005F229193EAC1600BF3DAC /* UIKit.framework */; };
		5005F230193EAC1600BF3DAC /* InfoPlist.strings in Resources */ = {isa = PBXBuildFile; fileRef = 5005F22E193EAC1600BF3DAC /* InfoPlist.strings */; };
		5005F232193EAC1600BF3DAC /* main.m in Sources */ = {isa = PBXBuildFile; fileRef = 5005F231193EAC1600BF3DAC /* main.m */; };
		5005F236193EAC1600BF3DAC /* AppDelegate.m in Sources */ = {isa = PBXBuildFile; fileRef = 5005F235193EAC1600BF3DAC /* AppDelegate.m */; };
		5005F238193EAC1700BF3DAC /* Images.xcassets in Resources */ = {isa = PBXBuildFile; fileRef = 5005F237193EAC1700BF3DAC /* Images.xcassets */; };
		5005F23F193EAC1700BF3DAC /* XCTest.framework in Frameworks */ = {isa = PBXBuildFile; fileRef = 5005F23E193EAC1700BF3DAC /* XCTest.framework */; };
		5005F240193EAC1700BF3DAC /* Foundation.framework in Frameworks */ = {isa = PBXBuildFile; fileRef = 5005F225193EAC1600BF3DAC /* Foundation.framework */; };
		5005F241193EAC1700BF3DAC /* UIKit.framework in Frameworks */ = {isa = PBXBuildFile; fileRef = 5005F229193EAC1600BF3DAC /* UIKit.framework */; };
		5005F249193EAC1700BF3DAC /* InfoPlist.strings in Resources */ = {isa = PBXBuildFile; fileRef = 5005F247193EAC1700BF3DAC /* InfoPlist.strings */; };
		5005F24B193EAC1700BF3DAC /* Chinese_UnionTests.m in Sources */ = {isa = PBXBuildFile; fileRef = 5005F24A193EAC1700BF3DAC /* Chinese_UnionTests.m */; };
		5005F255193ECD3A00BF3DAC /* Parse.framework in Frameworks */ = {isa = PBXBuildFile; fileRef = 5005F254193ECD3A00BF3DAC /* Parse.framework */; };
		5005F257193ECD7400BF3DAC /* AudioToolbox.framework in Frameworks */ = {isa = PBXBuildFile; fileRef = 5005F256193ECD7400BF3DAC /* AudioToolbox.framework */; };
		5005F259193ECD7C00BF3DAC /* CFNetwork.framework in Frameworks */ = {isa = PBXBuildFile; fileRef = 5005F258193ECD7C00BF3DAC /* CFNetwork.framework */; };
		5005F25B193ECD9500BF3DAC /* CoreLocation.framework in Frameworks */ = {isa = PBXBuildFile; fileRef = 5005F25A193ECD9500BF3DAC /* CoreLocation.framework */; };
		5005F25D193ECD9F00BF3DAC /* libz.dylib in Frameworks */ = {isa = PBXBuildFile; fileRef = 5005F25C193ECD9F00BF3DAC /* libz.dylib */; };
		5005F25F193ECDA700BF3DAC /* MobileCoreServices.framework in Frameworks */ = {isa = PBXBuildFile; fileRef = 5005F25E193ECDA700BF3DAC /* MobileCoreServices.framework */; };
		5005F261193ECDAF00BF3DAC /* QuartzCore.framework in Frameworks */ = {isa = PBXBuildFile; fileRef = 5005F260193ECDAF00BF3DAC /* QuartzCore.framework */; };
		5005F263193ECDB500BF3DAC /* Security.framework in Frameworks */ = {isa = PBXBuildFile; fileRef = 5005F262193ECDB500BF3DAC /* Security.framework */; };
		5005F265193ECDBC00BF3DAC /* StoreKit.framework in Frameworks */ = {isa = PBXBuildFile; fileRef = 5005F264193ECDBC00BF3DAC /* StoreKit.framework */; };
		5005F267193ECDC400BF3DAC /* SystemConfiguration.framework in Frameworks */ = {isa = PBXBuildFile; fileRef = 5005F266193ECDC400BF3DAC /* SystemConfiguration.framework */; };
		5005F278193ED8C500BF3DAC /* FacebookSDK.framework in Frameworks */ = {isa = PBXBuildFile; fileRef = 5005F277193ED8C500BF3DAC /* FacebookSDK.framework */; };
		5005F280193EDD7500BF3DAC /* MyLogInViewController.m in Sources */ = {isa = PBXBuildFile; fileRef = 5005F27A193EDD7500BF3DAC /* MyLogInViewController.m */; };
		5005F281193EDD7500BF3DAC /* MySignUpViewController.m in Sources */ = {isa = PBXBuildFile; fileRef = 5005F27C193EDD7500BF3DAC /* MySignUpViewController.m */; };
		5005F282193EDD7500BF3DAC /* ProfileViewController.m in Sources */ = {isa = PBXBuildFile; fileRef = 5005F27E193EDD7500BF3DAC /* ProfileViewController.m */; };
		5005F283193EDD7500BF3DAC /* ProfileViewController.xib in Resources */ = {isa = PBXBuildFile; fileRef = 5005F27F193EDD7500BF3DAC /* ProfileViewController.xib */; };
		5005F28D193EE09200BF3DAC /* Social.framework in Frameworks */ = {isa = PBXBuildFile; fileRef = 5005F28C193EE09200BF3DAC /* Social.framework */; };
		5005F2AC193EE58000BF3DAC /* TWTSideMenuViewController.m in Sources */ = {isa = PBXBuildFile; fileRef = 5005F2AB193EE58000BF3DAC /* TWTSideMenuViewController.m */; };
		5005F2B2193EE7E200BF3DAC /* TWTMainViewController.m in Sources */ = {isa = PBXBuildFile; fileRef = 5005F2AF193EE7E200BF3DAC /* TWTMainViewController.m */; };
		5005F2B3193EE7E200BF3DAC /* TWTMenuViewController.m in Sources */ = {isa = PBXBuildFile; fileRef = 5005F2B1193EE7E200BF3DAC /* TWTMenuViewController.m */; };
		5005F2BA19467A1700BF3DAC /* SignUpViewController.m in Sources */ = {isa = PBXBuildFile; fileRef = 5005F2B819467A1700BF3DAC /* SignUpViewController.m */; };
		5005F2BB19467A1700BF3DAC /* SignUpViewController.xib in Resources */ = {isa = PBXBuildFile; fileRef = 5005F2B919467A1700BF3DAC /* SignUpViewController.xib */; };
		5005F311194968E300BF3DAC /* bitstream.c in Sources */ = {isa = PBXBuildFile; fileRef = 5005F301194968E300BF3DAC /* bitstream.c */; };
		5005F312194968E300BF3DAC /* mask.c in Sources */ = {isa = PBXBuildFile; fileRef = 5005F303194968E300BF3DAC /* mask.c */; };
		5005F313194968E300BF3DAC /* qrencode.c in Sources */ = {isa = PBXBuildFile; fileRef = 5005F305194968E300BF3DAC /* qrencode.c */; };
		5005F314194968E300BF3DAC /* qrinput.c in Sources */ = {isa = PBXBuildFile; fileRef = 5005F307194968E300BF3DAC /* qrinput.c */; };
		5005F315194968E300BF3DAC /* qrspec.c in Sources */ = {isa = PBXBuildFile; fileRef = 5005F309194968E300BF3DAC /* qrspec.c */; };
		5005F316194968E300BF3DAC /* rscode.c in Sources */ = {isa = PBXBuildFile; fileRef = 5005F30B194968E300BF3DAC /* rscode.c */; };
		5005F317194968E300BF3DAC /* split.c in Sources */ = {isa = PBXBuildFile; fileRef = 5005F30D194968E300BF3DAC /* split.c */; };
		5005F318194968E300BF3DAC /* UIImage+MDQRCode.m in Sources */ = {isa = PBXBuildFile; fileRef = 5005F310194968E300BF3DAC /* UIImage+MDQRCode.m */; };
		5005F31C194A534B00BF3DAC /* CUMembers.m in Sources */ = {isa = PBXBuildFile; fileRef = 5005F31B194A534B00BF3DAC /* CUMembers.m */; };
		5005F31F194A54A100BF3DAC /* CUEvents.m in Sources */ = {isa = PBXBuildFile; fileRef = 5005F31E194A54A100BF3DAC /* CUEvents.m */; };
		5005F322194A554F00BF3DAC /* CUProducts.m in Sources */ = {isa = PBXBuildFile; fileRef = 5005F321194A554F00BF3DAC /* CUProducts.m */; };
		5005F325194A587100BF3DAC /* User.m in Sources */ = {isa = PBXBuildFile; fileRef = 5005F324194A587100BF3DAC /* User.m */; };
		50932A9F1957714900674269 /* CUSales.m in Sources */ = {isa = PBXBuildFile; fileRef = 50932A9E1957714900674269 /* CUSales.m */; };
		50932AA21957726100674269 /* CUTickets.m in Sources */ = {isa = PBXBuildFile; fileRef = 50932AA11957726100674269 /* CUTickets.m */; };
		50932AB51959013600674269 /* PFProductsViewController.m in Sources */ = {isa = PBXBuildFile; fileRef = 50932AAA1959013600674269 /* PFProductsViewController.m */; };
		50932AB61959013600674269 /* PFProductTableViewCell.m in Sources */ = {isa = PBXBuildFile; fileRef = 50932AAC1959013600674269 /* PFProductTableViewCell.m */; };
		50932AB71959013600674269 /* PFShippingViewController.m in Sources */ = {isa = PBXBuildFile; fileRef = 50932AAE1959013600674269 /* PFShippingViewController.m */; };
		50932AB81959013600674269 /* PFProducts.m in Sources */ = {isa = PBXBuildFile; fileRef = 50932AB01959013600674269 /* PFProducts.m */; };
		50932AB91959013600674269 /* PFFinishViewController.m in Sources */ = {isa = PBXBuildFile; fileRef = 50932AB21959013600674269 /* PFFinishViewController.m */; };
		50932ABA1959013600674269 /* PFCheckoutViewController.m in Sources */ = {isa = PBXBuildFile; fileRef = 50932AB41959013600674269 /* PFCheckoutViewController.m */; };
		50932ABE1959024B00674269 /* MBProgressHUD.m in Sources */ = {isa = PBXBuildFile; fileRef = 50932ABD1959024B00674269 /* MBProgressHUD.m */; };
		50932AC21959027E00674269 /* STPCheckoutView.m in Sources */ = {isa = PBXBuildFile; fileRef = 50932AC11959027E00674269 /* STPCheckoutView.m */; };
		50932ADA195902AE00674269 /* PKAddressZip.m in Sources */ = {isa = PBXBuildFile; fileRef = 50932AC6195902AE00674269 /* PKAddressZip.m */; };
		50932ADB195902AE00674269 /* PKCard.m in Sources */ = {isa = PBXBuildFile; fileRef = 50932AC8195902AE00674269 /* PKCard.m */; };
		50932ADC195902AE00674269 /* PKCardCVC.m in Sources */ = {isa = PBXBuildFile; fileRef = 50932ACA195902AE00674269 /* PKCardCVC.m */; };
		50932ADD195902AE00674269 /* PKCardCVCDelegate.m in Sources */ = {isa = PBXBuildFile; fileRef = 50932ACC195902AE00674269 /* PKCardCVCDelegate.m */; };
		50932ADE195902AE00674269 /* PKCardExpiry.m in Sources */ = {isa = PBXBuildFile; fileRef = 50932ACE195902AE00674269 /* PKCardExpiry.m */; };
		50932ADF195902AE00674269 /* PKCardExpiryDelegate.m in Sources */ = {isa = PBXBuildFile; fileRef = 50932AD0195902AE00674269 /* PKCardExpiryDelegate.m */; };
		50932AE0195902AE00674269 /* PKCardNumber.m in Sources */ = {isa = PBXBuildFile; fileRef = 50932AD2195902AE00674269 /* PKCardNumber.m */; };
		50932AE1195902AE00674269 /* PKCardNumberDelegate.m in Sources */ = {isa = PBXBuildFile; fileRef = 50932AD4195902AE00674269 /* PKCardNumberDelegate.m */; };
		50932AE2195902AE00674269 /* PKUSAddressZip.m in Sources */ = {isa = PBXBuildFile; fileRef = 50932AD7195902AE00674269 /* PKUSAddressZip.m */; };
		50932AE3195902AE00674269 /* PKView.m in Sources */ = {isa = PBXBuildFile; fileRef = 50932AD9195902AE00674269 /* PKView.m */; };
		50932AF8195902D300674269 /* amex.png in Resources */ = {isa = PBXBuildFile; fileRef = 50932AE6195902D300674269 /* amex.png */; };
		50932AF9195902D300674269 /* amex@2x.png in Resources */ = {isa = PBXBuildFile; fileRef = 50932AE7195902D300674269 /* amex@2x.png */; };
		50932AFA195902D300674269 /* cvc-amex.png in Resources */ = {isa = PBXBuildFile; fileRef = 50932AE8195902D300674269 /* cvc-amex.png */; };
		50932AFB195902D300674269 /* cvc-amex@2x.png in Resources */ = {isa = PBXBuildFile; fileRef = 50932AE9195902D300674269 /* cvc-amex@2x.png */; };
		50932AFC195902D300674269 /* cvc.png in Resources */ = {isa = PBXBuildFile; fileRef = 50932AEA195902D300674269 /* cvc.png */; };
		50932AFD195902D300674269 /* cvc@2x.png in Resources */ = {isa = PBXBuildFile; fileRef = 50932AEB195902D300674269 /* cvc@2x.png */; };
		50932AFE195902D300674269 /* diners.png in Resources */ = {isa = PBXBuildFile; fileRef = 50932AEC195902D300674269 /* diners.png */; };
		50932AFF195902D300674269 /* diners@2x.png in Resources */ = {isa = PBXBuildFile; fileRef = 50932AED195902D300674269 /* diners@2x.png */; };
		50932B00195902D300674269 /* discover.png in Resources */ = {isa = PBXBuildFile; fileRef = 50932AEE195902D300674269 /* discover.png */; };
		50932B01195902D300674269 /* discover@2x.png in Resources */ = {isa = PBXBuildFile; fileRef = 50932AEF195902D300674269 /* discover@2x.png */; };
		50932B02195902D300674269 /* jcb.png in Resources */ = {isa = PBXBuildFile; fileRef = 50932AF0195902D300674269 /* jcb.png */; };
		50932B03195902D300674269 /* jcb@2x.png in Resources */ = {isa = PBXBuildFile; fileRef = 50932AF1195902D300674269 /* jcb@2x.png */; };
		50932B04195902D300674269 /* mastercard.png in Resources */ = {isa = PBXBuildFile; fileRef = 50932AF2195902D300674269 /* mastercard.png */; };
		50932B05195902D300674269 /* mastercard@2x.png in Resources */ = {isa = PBXBuildFile; fileRef = 50932AF3195902D300674269 /* mastercard@2x.png */; };
		50932B06195902D300674269 /* placeholder.png in Resources */ = {isa = PBXBuildFile; fileRef = 50932AF4195902D300674269 /* placeholder.png */; };
		50932B07195902D300674269 /* placeholder@2x.png in Resources */ = {isa = PBXBuildFile; fileRef = 50932AF5195902D300674269 /* placeholder@2x.png */; };
		50932B08195902D300674269 /* visa.png in Resources */ = {isa = PBXBuildFile; fileRef = 50932AF6195902D300674269 /* visa.png */; };
		50932B09195902D300674269 /* visa@2x.png in Resources */ = {isa = PBXBuildFile; fileRef = 50932AF7195902D300674269 /* visa@2x.png */; };
		50932B14195902EB00674269 /* STPCard.m in Sources */ = {isa = PBXBuildFile; fileRef = 50932B0C195902EB00674269 /* STPCard.m */; };
		50932B15195902EB00674269 /* STPToken.m in Sources */ = {isa = PBXBuildFile; fileRef = 50932B0E195902EB00674269 /* STPToken.m */; };
		50932B16195902EB00674269 /* Stripe.m in Sources */ = {isa = PBXBuildFile; fileRef = 50932B11195902EB00674269 /* Stripe.m */; };
		50932B17195902EB00674269 /* StripeError.m in Sources */ = {isa = PBXBuildFile; fileRef = 50932B13195902EB00674269 /* StripeError.m */; };
		50932B761960B77000674269 /* CUMemberViewController.m in Sources */ = {isa = PBXBuildFile; fileRef = 50932B741960B77000674269 /* CUMemberViewController.m */; };
		50932B771960B77000674269 /* CUMemberViewController.xib in Resources */ = {isa = PBXBuildFile; fileRef = 50932B751960B77000674269 /* CUMemberViewController.xib */; };
		50932B7A196D215C00674269 /* QRGenerator.m in Sources */ = {isa = PBXBuildFile; fileRef = 50932B79196D215C00674269 /* QRGenerator.m */; };
/* End PBXBuildFile section */

/* Begin PBXContainerItemProxy section */
		5005F242193EAC1700BF3DAC /* PBXContainerItemProxy */ = {
			isa = PBXContainerItemProxy;
			containerPortal = 5005F21A193EAC1600BF3DAC /* Project object */;
			proxyType = 1;
			remoteGlobalIDString = 5005F221193EAC1600BF3DAC;
			remoteInfo = "Chinese Union";
		};
/* End PBXContainerItemProxy section */

/* Begin PBXFileReference section */
		420CDC2B196396D3001EED84 /* BugSense-iOS.framework */ = {isa = PBXFileReference; lastKnownFileType = wrapper.framework; name = "BugSense-iOS.framework"; path = "../../Developer/BugSense 3.6/BugSense-iOS.framework"; sourceTree = "<group>"; };
		420CDC2D19639A9C001EED84 /* Appsee.framework */ = {isa = PBXFileReference; lastKnownFileType = wrapper.framework; name = Appsee.framework; path = ../../Developer/Appsee/Appsee.framework; sourceTree = "<group>"; };
		420CDC2F19639AA8001EED84 /* AVFoundation.framework */ = {isa = PBXFileReference; lastKnownFileType = wrapper.framework; name = AVFoundation.framework; path = System/Library/Frameworks/AVFoundation.framework; sourceTree = SDKROOT; };
		420CDC3119639AB9001EED84 /* CoreMedia.framework */ = {isa = PBXFileReference; lastKnownFileType = wrapper.framework; name = CoreMedia.framework; path = System/Library/Frameworks/CoreMedia.framework; sourceTree = SDKROOT; };
		420CDC3319639AC2001EED84 /* CoreVideo.framework */ = {isa = PBXFileReference; lastKnownFileType = wrapper.framework; name = CoreVideo.framework; path = System/Library/Frameworks/CoreVideo.framework; sourceTree = SDKROOT; };
		421C0EF41971E84B008711BD /* CUEditProfileGenderViewController.h */ = {isa = PBXFileReference; fileEncoding = 4; lastKnownFileType = sourcecode.c.h; path = CUEditProfileGenderViewController.h; sourceTree = "<group>"; };
		421C0EF51971E84B008711BD /* CUEditProfileGenderViewController.m */ = {isa = PBXFileReference; fileEncoding = 4; lastKnownFileType = sourcecode.c.objc; path = CUEditProfileGenderViewController.m; sourceTree = "<group>"; };
		421C0EF61971E84B008711BD /* CUEditProfileGenderViewController.xib */ = {isa = PBXFileReference; fileEncoding = 4; lastKnownFileType = file.xib; path = CUEditProfileGenderViewController.xib; sourceTree = "<group>"; };
		42308B23193FBEE30022D3E7 /* MosaicLayout.h */ = {isa = PBXFileReference; fileEncoding = 4; lastKnownFileType = sourcecode.c.h; path = MosaicLayout.h; sourceTree = "<group>"; };
		42308B24193FBEE30022D3E7 /* MosaicLayout.m */ = {isa = PBXFileReference; fileEncoding = 4; lastKnownFileType = sourcecode.c.objc; path = MosaicLayout.m; sourceTree = "<group>"; };
		42308B26193FBEE30022D3E7 /* MosaicData.h */ = {isa = PBXFileReference; fileEncoding = 4; lastKnownFileType = sourcecode.c.h; path = MosaicData.h; sourceTree = "<group>"; };
		42308B27193FBEE30022D3E7 /* MosaicData.m */ = {isa = PBXFileReference; fileEncoding = 4; lastKnownFileType = sourcecode.c.objc; path = MosaicData.m; sourceTree = "<group>"; };
		42308B29193FBEE30022D3E7 /* MosaicLayoutDelegate.h */ = {isa = PBXFileReference; fileEncoding = 4; lastKnownFileType = sourcecode.c.h; path = MosaicLayoutDelegate.h; sourceTree = "<group>"; };
		42308B2B193FBEE30022D3E7 /* MosaicCell.h */ = {isa = PBXFileReference; fileEncoding = 4; lastKnownFileType = sourcecode.c.h; path = MosaicCell.h; sourceTree = "<group>"; };
		42308B2C193FBEE30022D3E7 /* MosaicCell.m */ = {isa = PBXFileReference; fileEncoding = 4; lastKnownFileType = sourcecode.c.objc; path = MosaicCell.m; sourceTree = "<group>"; };
		42308B33193FBF260022D3E7 /* CUMainViewController.h */ = {isa = PBXFileReference; fileEncoding = 4; lastKnownFileType = sourcecode.c.h; path = CUMainViewController.h; sourceTree = "<group>"; };
		42308B34193FBF260022D3E7 /* CUMainViewController.m */ = {isa = PBXFileReference; fileEncoding = 4; lastKnownFileType = sourcecode.c.objc; path = CUMainViewController.m; sourceTree = "<group>"; };
		42308B35193FBF260022D3E7 /* CUMainViewController.xib */ = {isa = PBXFileReference; fileEncoding = 4; lastKnownFileType = file.xib; path = CUMainViewController.xib; sourceTree = "<group>"; };
		42308B38193FC0670022D3E7 /* CustomDataSource.h */ = {isa = PBXFileReference; fileEncoding = 4; lastKnownFileType = sourcecode.c.h; path = CustomDataSource.h; sourceTree = "<group>"; };
		42308B39193FC0670022D3E7 /* CustomDataSource.m */ = {isa = PBXFileReference; fileEncoding = 4; lastKnownFileType = sourcecode.c.objc; path = CustomDataSource.m; sourceTree = "<group>"; };
		42308B3C193FC1030022D3E7 /* AFHTTPClient.h */ = {isa = PBXFileReference; fileEncoding = 4; lastKnownFileType = sourcecode.c.h; path = AFHTTPClient.h; sourceTree = "<group>"; };
		42308B3D193FC1030022D3E7 /* AFHTTPClient.m */ = {isa = PBXFileReference; fileEncoding = 4; lastKnownFileType = sourcecode.c.objc; path = AFHTTPClient.m; sourceTree = "<group>"; };
		42308B3E193FC1030022D3E7 /* AFHTTPRequestOperation.h */ = {isa = PBXFileReference; fileEncoding = 4; lastKnownFileType = sourcecode.c.h; path = AFHTTPRequestOperation.h; sourceTree = "<group>"; };
		42308B3F193FC1030022D3E7 /* AFHTTPRequestOperation.m */ = {isa = PBXFileReference; fileEncoding = 4; lastKnownFileType = sourcecode.c.objc; path = AFHTTPRequestOperation.m; sourceTree = "<group>"; };
		42308B40193FC1030022D3E7 /* AFImageRequestOperation.h */ = {isa = PBXFileReference; fileEncoding = 4; lastKnownFileType = sourcecode.c.h; path = AFImageRequestOperation.h; sourceTree = "<group>"; };
		42308B41193FC1030022D3E7 /* AFImageRequestOperation.m */ = {isa = PBXFileReference; fileEncoding = 4; lastKnownFileType = sourcecode.c.objc; path = AFImageRequestOperation.m; sourceTree = "<group>"; };
		42308B42193FC1030022D3E7 /* AFJSONRequestOperation.h */ = {isa = PBXFileReference; fileEncoding = 4; lastKnownFileType = sourcecode.c.h; path = AFJSONRequestOperation.h; sourceTree = "<group>"; };
		42308B43193FC1030022D3E7 /* AFJSONRequestOperation.m */ = {isa = PBXFileReference; fileEncoding = 4; lastKnownFileType = sourcecode.c.objc; path = AFJSONRequestOperation.m; sourceTree = "<group>"; };
		42308B44193FC1030022D3E7 /* AFNetworkActivityIndicatorManager.h */ = {isa = PBXFileReference; fileEncoding = 4; lastKnownFileType = sourcecode.c.h; path = AFNetworkActivityIndicatorManager.h; sourceTree = "<group>"; };
		42308B45193FC1030022D3E7 /* AFNetworkActivityIndicatorManager.m */ = {isa = PBXFileReference; fileEncoding = 4; lastKnownFileType = sourcecode.c.objc; path = AFNetworkActivityIndicatorManager.m; sourceTree = "<group>"; };
		42308B46193FC1030022D3E7 /* AFNetworking.h */ = {isa = PBXFileReference; fileEncoding = 4; lastKnownFileType = sourcecode.c.h; path = AFNetworking.h; sourceTree = "<group>"; };
		42308B47193FC1030022D3E7 /* AFPropertyListRequestOperation.h */ = {isa = PBXFileReference; fileEncoding = 4; lastKnownFileType = sourcecode.c.h; path = AFPropertyListRequestOperation.h; sourceTree = "<group>"; };
		42308B48193FC1030022D3E7 /* AFPropertyListRequestOperation.m */ = {isa = PBXFileReference; fileEncoding = 4; lastKnownFileType = sourcecode.c.objc; path = AFPropertyListRequestOperation.m; sourceTree = "<group>"; };
		42308B49193FC1030022D3E7 /* AFURLConnectionOperation.h */ = {isa = PBXFileReference; fileEncoding = 4; lastKnownFileType = sourcecode.c.h; path = AFURLConnectionOperation.h; sourceTree = "<group>"; };
		42308B4A193FC1030022D3E7 /* AFURLConnectionOperation.m */ = {isa = PBXFileReference; fileEncoding = 4; lastKnownFileType = sourcecode.c.objc; path = AFURLConnectionOperation.m; sourceTree = "<group>"; };
		42308B4B193FC1030022D3E7 /* AFXMLRequestOperation.h */ = {isa = PBXFileReference; fileEncoding = 4; lastKnownFileType = sourcecode.c.h; path = AFXMLRequestOperation.h; sourceTree = "<group>"; };
		42308B4C193FC1030022D3E7 /* AFXMLRequestOperation.m */ = {isa = PBXFileReference; fileEncoding = 4; lastKnownFileType = sourcecode.c.objc; path = AFXMLRequestOperation.m; sourceTree = "<group>"; };
		42308B4D193FC1030022D3E7 /* UIImageView+AFNetworking.h */ = {isa = PBXFileReference; fileEncoding = 4; lastKnownFileType = sourcecode.c.h; path = "UIImageView+AFNetworking.h"; sourceTree = "<group>"; };
		42308B4E193FC1030022D3E7 /* UIImageView+AFNetworking.m */ = {isa = PBXFileReference; fileEncoding = 4; lastKnownFileType = sourcecode.c.objc; path = "UIImageView+AFNetworking.m"; sourceTree = "<group>"; };
		42308B58193FC14A0022D3E7 /* data.json */ = {isa = PBXFileReference; fileEncoding = 4; lastKnownFileType = text.json; path = data.json; sourceTree = "<group>"; };
		425490771957D92B005A61B0 /* CUInputButton.h */ = {isa = PBXFileReference; fileEncoding = 4; lastKnownFileType = sourcecode.c.h; path = CUInputButton.h; sourceTree = "<group>"; };
		425490781957D92B005A61B0 /* CUInputButton.m */ = {isa = PBXFileReference; fileEncoding = 4; lastKnownFileType = sourcecode.c.objc; path = CUInputButton.m; sourceTree = "<group>"; };
		426CEE46194D236F00522DCF /* SLGlowingTextField.h */ = {isa = PBXFileReference; fileEncoding = 4; lastKnownFileType = sourcecode.c.h; path = SLGlowingTextField.h; sourceTree = "<group>"; };
		426CEE47194D236F00522DCF /* SLGlowingTextField.m */ = {isa = PBXFileReference; fileEncoding = 4; lastKnownFileType = sourcecode.c.objc; path = SLGlowingTextField.m; sourceTree = "<group>"; };
		426CEE4E194D2BDE00522DCF /* CULoginViewController.h */ = {isa = PBXFileReference; fileEncoding = 4; lastKnownFileType = sourcecode.c.h; path = CULoginViewController.h; sourceTree = "<group>"; };
		426CEE4F194D2BDE00522DCF /* CULoginViewController.m */ = {isa = PBXFileReference; fileEncoding = 4; lastKnownFileType = sourcecode.c.objc; path = CULoginViewController.m; sourceTree = "<group>"; };
		426CEE50194D2BDE00522DCF /* CULoginViewController.xib */ = {isa = PBXFileReference; fileEncoding = 4; lastKnownFileType = file.xib; path = CULoginViewController.xib; sourceTree = "<group>"; };
		426CEE54194D459400522DCF /* NSString+Additions.h */ = {isa = PBXFileReference; fileEncoding = 4; lastKnownFileType = sourcecode.c.h; path = "NSString+Additions.h"; sourceTree = "<group>"; };
		426CEE55194D459400522DCF /* NSString+Additions.m */ = {isa = PBXFileReference; fileEncoding = 4; lastKnownFileType = sourcecode.c.objc; path = "NSString+Additions.m"; sourceTree = "<group>"; };
		42D339581960C75500F1CB8F /* UIViewController+Additions.h */ = {isa = PBXFileReference; fileEncoding = 4; lastKnownFileType = sourcecode.c.h; path = "UIViewController+Additions.h"; sourceTree = "<group>"; };
		42D339591960C75500F1CB8F /* UIViewController+Additions.m */ = {isa = PBXFileReference; fileEncoding = 4; lastKnownFileType = sourcecode.c.objc; path = "UIViewController+Additions.m"; sourceTree = "<group>"; };
		42D3395B1960DBF300F1CB8F /* CUEditProfileViewController.h */ = {isa = PBXFileReference; fileEncoding = 4; lastKnownFileType = sourcecode.c.h; path = CUEditProfileViewController.h; sourceTree = "<group>"; };
		42D3395C1960DBF300F1CB8F /* CUEditProfileViewController.m */ = {isa = PBXFileReference; fileEncoding = 4; lastKnownFileType = sourcecode.c.objc; path = CUEditProfileViewController.m; sourceTree = "<group>"; };
		42D3395D1960DBF300F1CB8F /* CUEditProfileViewController.xib */ = {isa = PBXFileReference; fileEncoding = 4; lastKnownFileType = file.xib; path = CUEditProfileViewController.xib; sourceTree = "<group>"; };
		42D339621960DD5A00F1CB8F /* CUProfileTextCell.h */ = {isa = PBXFileReference; fileEncoding = 4; lastKnownFileType = sourcecode.c.h; path = CUProfileTextCell.h; sourceTree = "<group>"; };
		42D339631960DD5A00F1CB8F /* CUProfileTextCell.m */ = {isa = PBXFileReference; fileEncoding = 4; lastKnownFileType = sourcecode.c.objc; path = CUProfileTextCell.m; sourceTree = "<group>"; };
		42D339641960DD5A00F1CB8F /* CUProfileTextCell.xib */ = {isa = PBXFileReference; fileEncoding = 4; lastKnownFileType = file.xib; path = CUProfileTextCell.xib; sourceTree = "<group>"; };
		42D3396A1960DE7900F1CB8F /* CUProfilePicCell.h */ = {isa = PBXFileReference; fileEncoding = 4; lastKnownFileType = sourcecode.c.h; path = CUProfilePicCell.h; sourceTree = "<group>"; };
		42D3396B1960DE7900F1CB8F /* CUProfilePicCell.m */ = {isa = PBXFileReference; fileEncoding = 4; lastKnownFileType = sourcecode.c.objc; path = CUProfilePicCell.m; sourceTree = "<group>"; };
		42D3396C1960DE7900F1CB8F /* CUProfilePicCell.xib */ = {isa = PBXFileReference; fileEncoding = 4; lastKnownFileType = file.xib; path = CUProfilePicCell.xib; sourceTree = "<group>"; };
		42D3396F1960E4D000F1CB8F /* NSDateFormatter+Additions.h */ = {isa = PBXFileReference; fileEncoding = 4; lastKnownFileType = sourcecode.c.h; path = "NSDateFormatter+Additions.h"; sourceTree = "<group>"; };
		42D339701960E4D000F1CB8F /* NSDateFormatter+Additions.m */ = {isa = PBXFileReference; fileEncoding = 4; lastKnownFileType = sourcecode.c.objc; path = "NSDateFormatter+Additions.m"; sourceTree = "<group>"; };
		42D339721960EA4200F1CB8F /* CUEditProfileTextViewController.h */ = {isa = PBXFileReference; fileEncoding = 4; lastKnownFileType = sourcecode.c.h; path = CUEditProfileTextViewController.h; sourceTree = "<group>"; };
		42D339731960EA4200F1CB8F /* CUEditProfileTextViewController.m */ = {isa = PBXFileReference; fileEncoding = 4; lastKnownFileType = sourcecode.c.objc; path = CUEditProfileTextViewController.m; sourceTree = "<group>"; };
		42D339741960EA4200F1CB8F /* CUEditProfileTextViewController.xib */ = {isa = PBXFileReference; fileEncoding = 4; lastKnownFileType = file.xib; path = CUEditProfileTextViewController.xib; sourceTree = "<group>"; };
		42D9DB2B1969EC4700720C31 /* CUProfileEditOption.h */ = {isa = PBXFileReference; lastKnownFileType = sourcecode.c.h; path = CUProfileEditOption.h; sourceTree = "<group>"; };
		42E313EA1963BFA700F5CFBC /* CUEditProfileBDViewController.h */ = {isa = PBXFileReference; fileEncoding = 4; lastKnownFileType = sourcecode.c.h; path = CUEditProfileBDViewController.h; sourceTree = "<group>"; };
		42E313EB1963BFA700F5CFBC /* CUEditProfileBDViewController.m */ = {isa = PBXFileReference; fileEncoding = 4; lastKnownFileType = sourcecode.c.objc; path = CUEditProfileBDViewController.m; sourceTree = "<group>"; };
		42E313EC1963BFA700F5CFBC /* CUEditProfileBDViewController.xib */ = {isa = PBXFileReference; fileEncoding = 4; lastKnownFileType = file.xib; path = CUEditProfileBDViewController.xib; sourceTree = "<group>"; };
		42E313EF1963D6B000F5CFBC /* Appsee.framework */ = {isa = PBXFileReference; lastKnownFileType = wrapper.framework; path = Appsee.framework; sourceTree = "<group>"; };
		5005F222193EAC1600BF3DAC /* Chinese Union.app */ = {isa = PBXFileReference; explicitFileType = wrapper.application; includeInIndex = 0; path = "Chinese Union.app"; sourceTree = BUILT_PRODUCTS_DIR; };
		5005F225193EAC1600BF3DAC /* Foundation.framework */ = {isa = PBXFileReference; lastKnownFileType = wrapper.framework; name = Foundation.framework; path = System/Library/Frameworks/Foundation.framework; sourceTree = SDKROOT; };
		5005F227193EAC1600BF3DAC /* CoreGraphics.framework */ = {isa = PBXFileReference; lastKnownFileType = wrapper.framework; name = CoreGraphics.framework; path = System/Library/Frameworks/CoreGraphics.framework; sourceTree = SDKROOT; };
		5005F229193EAC1600BF3DAC /* UIKit.framework */ = {isa = PBXFileReference; lastKnownFileType = wrapper.framework; name = UIKit.framework; path = System/Library/Frameworks/UIKit.framework; sourceTree = SDKROOT; };
		5005F22D193EAC1600BF3DAC /* Chinese Union-Info.plist */ = {isa = PBXFileReference; lastKnownFileType = text.plist.xml; path = "Chinese Union-Info.plist"; sourceTree = "<group>"; };
		5005F22F193EAC1600BF3DAC /* en */ = {isa = PBXFileReference; lastKnownFileType = text.plist.strings; name = en; path = en.lproj/InfoPlist.strings; sourceTree = "<group>"; };
		5005F231193EAC1600BF3DAC /* main.m */ = {isa = PBXFileReference; lastKnownFileType = sourcecode.c.objc; path = main.m; sourceTree = "<group>"; };
		5005F233193EAC1600BF3DAC /* Chinese Union-Prefix.pch */ = {isa = PBXFileReference; lastKnownFileType = sourcecode.c.h; path = "Chinese Union-Prefix.pch"; sourceTree = "<group>"; };
		5005F234193EAC1600BF3DAC /* AppDelegate.h */ = {isa = PBXFileReference; lastKnownFileType = sourcecode.c.h; path = AppDelegate.h; sourceTree = "<group>"; };
		5005F235193EAC1600BF3DAC /* AppDelegate.m */ = {isa = PBXFileReference; lastKnownFileType = sourcecode.c.objc; path = AppDelegate.m; sourceTree = "<group>"; };
		5005F237193EAC1700BF3DAC /* Images.xcassets */ = {isa = PBXFileReference; lastKnownFileType = folder.assetcatalog; path = Images.xcassets; sourceTree = "<group>"; };
		5005F23D193EAC1700BF3DAC /* Chinese UnionTests.xctest */ = {isa = PBXFileReference; explicitFileType = wrapper.cfbundle; includeInIndex = 0; path = "Chinese UnionTests.xctest"; sourceTree = BUILT_PRODUCTS_DIR; };
		5005F23E193EAC1700BF3DAC /* XCTest.framework */ = {isa = PBXFileReference; lastKnownFileType = wrapper.framework; name = XCTest.framework; path = Library/Frameworks/XCTest.framework; sourceTree = DEVELOPER_DIR; };
		5005F246193EAC1700BF3DAC /* Chinese UnionTests-Info.plist */ = {isa = PBXFileReference; lastKnownFileType = text.plist.xml; path = "Chinese UnionTests-Info.plist"; sourceTree = "<group>"; };
		5005F248193EAC1700BF3DAC /* en */ = {isa = PBXFileReference; lastKnownFileType = text.plist.strings; name = en; path = en.lproj/InfoPlist.strings; sourceTree = "<group>"; };
		5005F24A193EAC1700BF3DAC /* Chinese_UnionTests.m */ = {isa = PBXFileReference; lastKnownFileType = sourcecode.c.objc; path = Chinese_UnionTests.m; sourceTree = "<group>"; };
		5005F254193ECD3A00BF3DAC /* Parse.framework */ = {isa = PBXFileReference; lastKnownFileType = wrapper.framework; path = Parse.framework; sourceTree = "<group>"; };
		5005F256193ECD7400BF3DAC /* AudioToolbox.framework */ = {isa = PBXFileReference; lastKnownFileType = wrapper.framework; name = AudioToolbox.framework; path = System/Library/Frameworks/AudioToolbox.framework; sourceTree = SDKROOT; };
		5005F258193ECD7C00BF3DAC /* CFNetwork.framework */ = {isa = PBXFileReference; lastKnownFileType = wrapper.framework; name = CFNetwork.framework; path = System/Library/Frameworks/CFNetwork.framework; sourceTree = SDKROOT; };
		5005F25A193ECD9500BF3DAC /* CoreLocation.framework */ = {isa = PBXFileReference; lastKnownFileType = wrapper.framework; name = CoreLocation.framework; path = System/Library/Frameworks/CoreLocation.framework; sourceTree = SDKROOT; };
		5005F25C193ECD9F00BF3DAC /* libz.dylib */ = {isa = PBXFileReference; lastKnownFileType = "compiled.mach-o.dylib"; name = libz.dylib; path = usr/lib/libz.dylib; sourceTree = SDKROOT; };
		5005F25E193ECDA700BF3DAC /* MobileCoreServices.framework */ = {isa = PBXFileReference; lastKnownFileType = wrapper.framework; name = MobileCoreServices.framework; path = System/Library/Frameworks/MobileCoreServices.framework; sourceTree = SDKROOT; };
		5005F260193ECDAF00BF3DAC /* QuartzCore.framework */ = {isa = PBXFileReference; lastKnownFileType = wrapper.framework; name = QuartzCore.framework; path = System/Library/Frameworks/QuartzCore.framework; sourceTree = SDKROOT; };
		5005F262193ECDB500BF3DAC /* Security.framework */ = {isa = PBXFileReference; lastKnownFileType = wrapper.framework; name = Security.framework; path = System/Library/Frameworks/Security.framework; sourceTree = SDKROOT; };
		5005F264193ECDBC00BF3DAC /* StoreKit.framework */ = {isa = PBXFileReference; lastKnownFileType = wrapper.framework; name = StoreKit.framework; path = System/Library/Frameworks/StoreKit.framework; sourceTree = SDKROOT; };
		5005F266193ECDC400BF3DAC /* SystemConfiguration.framework */ = {isa = PBXFileReference; lastKnownFileType = wrapper.framework; name = SystemConfiguration.framework; path = System/Library/Frameworks/SystemConfiguration.framework; sourceTree = SDKROOT; };
		5005F277193ED8C500BF3DAC /* FacebookSDK.framework */ = {isa = PBXFileReference; lastKnownFileType = wrapper.framework; path = FacebookSDK.framework; sourceTree = "<group>"; };
		5005F279193EDD7500BF3DAC /* MyLogInViewController.h */ = {isa = PBXFileReference; fileEncoding = 4; lastKnownFileType = sourcecode.c.h; path = MyLogInViewController.h; sourceTree = "<group>"; };
		5005F27A193EDD7500BF3DAC /* MyLogInViewController.m */ = {isa = PBXFileReference; fileEncoding = 4; lastKnownFileType = sourcecode.c.objc; path = MyLogInViewController.m; sourceTree = "<group>"; };
		5005F27B193EDD7500BF3DAC /* MySignUpViewController.h */ = {isa = PBXFileReference; fileEncoding = 4; lastKnownFileType = sourcecode.c.h; path = MySignUpViewController.h; sourceTree = "<group>"; };
		5005F27C193EDD7500BF3DAC /* MySignUpViewController.m */ = {isa = PBXFileReference; fileEncoding = 4; lastKnownFileType = sourcecode.c.objc; path = MySignUpViewController.m; sourceTree = "<group>"; };
		5005F27D193EDD7500BF3DAC /* ProfileViewController.h */ = {isa = PBXFileReference; fileEncoding = 4; lastKnownFileType = sourcecode.c.h; path = ProfileViewController.h; sourceTree = "<group>"; };
		5005F27E193EDD7500BF3DAC /* ProfileViewController.m */ = {isa = PBXFileReference; fileEncoding = 4; lastKnownFileType = sourcecode.c.objc; path = ProfileViewController.m; sourceTree = "<group>"; };
		5005F27F193EDD7500BF3DAC /* ProfileViewController.xib */ = {isa = PBXFileReference; fileEncoding = 4; lastKnownFileType = file.xib; path = ProfileViewController.xib; sourceTree = "<group>"; };
		5005F28C193EE09200BF3DAC /* Social.framework */ = {isa = PBXFileReference; lastKnownFileType = wrapper.framework; name = Social.framework; path = System/Library/Frameworks/Social.framework; sourceTree = SDKROOT; };
		5005F2AA193EE58000BF3DAC /* TWTSideMenuViewController.h */ = {isa = PBXFileReference; fileEncoding = 4; lastKnownFileType = sourcecode.c.h; path = TWTSideMenuViewController.h; sourceTree = "<group>"; };
		5005F2AB193EE58000BF3DAC /* TWTSideMenuViewController.m */ = {isa = PBXFileReference; fileEncoding = 4; lastKnownFileType = sourcecode.c.objc; path = TWTSideMenuViewController.m; sourceTree = "<group>"; };
		5005F2AE193EE7E200BF3DAC /* TWTMainViewController.h */ = {isa = PBXFileReference; fileEncoding = 4; lastKnownFileType = sourcecode.c.h; path = TWTMainViewController.h; sourceTree = "<group>"; };
		5005F2AF193EE7E200BF3DAC /* TWTMainViewController.m */ = {isa = PBXFileReference; fileEncoding = 4; lastKnownFileType = sourcecode.c.objc; path = TWTMainViewController.m; sourceTree = "<group>"; };
		5005F2B0193EE7E200BF3DAC /* TWTMenuViewController.h */ = {isa = PBXFileReference; fileEncoding = 4; lastKnownFileType = sourcecode.c.h; path = TWTMenuViewController.h; sourceTree = "<group>"; };
		5005F2B1193EE7E200BF3DAC /* TWTMenuViewController.m */ = {isa = PBXFileReference; fileEncoding = 4; lastKnownFileType = sourcecode.c.objc; path = TWTMenuViewController.m; sourceTree = "<group>"; };
		5005F2B719467A1700BF3DAC /* SignUpViewController.h */ = {isa = PBXFileReference; fileEncoding = 4; lastKnownFileType = sourcecode.c.h; path = SignUpViewController.h; sourceTree = "<group>"; };
		5005F2B819467A1700BF3DAC /* SignUpViewController.m */ = {isa = PBXFileReference; fileEncoding = 4; lastKnownFileType = sourcecode.c.objc; path = SignUpViewController.m; sourceTree = "<group>"; };
		5005F2B919467A1700BF3DAC /* SignUpViewController.xib */ = {isa = PBXFileReference; fileEncoding = 4; lastKnownFileType = file.xib; path = SignUpViewController.xib; sourceTree = "<group>"; };
		5005F301194968E300BF3DAC /* bitstream.c */ = {isa = PBXFileReference; fileEncoding = 4; lastKnownFileType = sourcecode.c.c; path = bitstream.c; sourceTree = "<group>"; };
		5005F302194968E300BF3DAC /* bitstream.h */ = {isa = PBXFileReference; fileEncoding = 4; lastKnownFileType = sourcecode.c.h; path = bitstream.h; sourceTree = "<group>"; };
		5005F303194968E300BF3DAC /* mask.c */ = {isa = PBXFileReference; fileEncoding = 4; lastKnownFileType = sourcecode.c.c; path = mask.c; sourceTree = "<group>"; };
		5005F304194968E300BF3DAC /* mask.h */ = {isa = PBXFileReference; fileEncoding = 4; lastKnownFileType = sourcecode.c.h; path = mask.h; sourceTree = "<group>"; };
		5005F305194968E300BF3DAC /* qrencode.c */ = {isa = PBXFileReference; fileEncoding = 4; lastKnownFileType = sourcecode.c.c; path = qrencode.c; sourceTree = "<group>"; };
		5005F306194968E300BF3DAC /* qrencode.h */ = {isa = PBXFileReference; fileEncoding = 4; lastKnownFileType = sourcecode.c.h; path = qrencode.h; sourceTree = "<group>"; };
		5005F307194968E300BF3DAC /* qrinput.c */ = {isa = PBXFileReference; fileEncoding = 4; lastKnownFileType = sourcecode.c.c; path = qrinput.c; sourceTree = "<group>"; };
		5005F308194968E300BF3DAC /* qrinput.h */ = {isa = PBXFileReference; fileEncoding = 4; lastKnownFileType = sourcecode.c.h; path = qrinput.h; sourceTree = "<group>"; };
		5005F309194968E300BF3DAC /* qrspec.c */ = {isa = PBXFileReference; fileEncoding = 4; lastKnownFileType = sourcecode.c.c; path = qrspec.c; sourceTree = "<group>"; };
		5005F30A194968E300BF3DAC /* qrspec.h */ = {isa = PBXFileReference; fileEncoding = 4; lastKnownFileType = sourcecode.c.h; path = qrspec.h; sourceTree = "<group>"; };
		5005F30B194968E300BF3DAC /* rscode.c */ = {isa = PBXFileReference; fileEncoding = 4; lastKnownFileType = sourcecode.c.c; path = rscode.c; sourceTree = "<group>"; };
		5005F30C194968E300BF3DAC /* rscode.h */ = {isa = PBXFileReference; fileEncoding = 4; lastKnownFileType = sourcecode.c.h; path = rscode.h; sourceTree = "<group>"; };
		5005F30D194968E300BF3DAC /* split.c */ = {isa = PBXFileReference; fileEncoding = 4; lastKnownFileType = sourcecode.c.c; path = split.c; sourceTree = "<group>"; };
		5005F30E194968E300BF3DAC /* split.h */ = {isa = PBXFileReference; fileEncoding = 4; lastKnownFileType = sourcecode.c.h; path = split.h; sourceTree = "<group>"; };
		5005F30F194968E300BF3DAC /* UIImage+MDQRCode.h */ = {isa = PBXFileReference; fileEncoding = 4; lastKnownFileType = sourcecode.c.h; path = "UIImage+MDQRCode.h"; sourceTree = "<group>"; };
		5005F310194968E300BF3DAC /* UIImage+MDQRCode.m */ = {isa = PBXFileReference; fileEncoding = 4; lastKnownFileType = sourcecode.c.objc; path = "UIImage+MDQRCode.m"; sourceTree = "<group>"; };
		5005F31A194A534B00BF3DAC /* CUMembers.h */ = {isa = PBXFileReference; fileEncoding = 4; lastKnownFileType = sourcecode.c.h; path = CUMembers.h; sourceTree = "<group>"; };
		5005F31B194A534B00BF3DAC /* CUMembers.m */ = {isa = PBXFileReference; fileEncoding = 4; lastKnownFileType = sourcecode.c.objc; path = CUMembers.m; sourceTree = "<group>"; };
		5005F31D194A54A100BF3DAC /* CUEvents.h */ = {isa = PBXFileReference; fileEncoding = 4; lastKnownFileType = sourcecode.c.h; path = CUEvents.h; sourceTree = "<group>"; };
		5005F31E194A54A100BF3DAC /* CUEvents.m */ = {isa = PBXFileReference; fileEncoding = 4; lastKnownFileType = sourcecode.c.objc; path = CUEvents.m; sourceTree = "<group>"; };
		5005F320194A554F00BF3DAC /* CUProducts.h */ = {isa = PBXFileReference; fileEncoding = 4; lastKnownFileType = sourcecode.c.h; path = CUProducts.h; sourceTree = "<group>"; };
		5005F321194A554F00BF3DAC /* CUProducts.m */ = {isa = PBXFileReference; fileEncoding = 4; lastKnownFileType = sourcecode.c.objc; path = CUProducts.m; sourceTree = "<group>"; };
		5005F323194A587100BF3DAC /* User.h */ = {isa = PBXFileReference; fileEncoding = 4; lastKnownFileType = sourcecode.c.h; path = User.h; sourceTree = "<group>"; };
		5005F324194A587100BF3DAC /* User.m */ = {isa = PBXFileReference; fileEncoding = 4; lastKnownFileType = sourcecode.c.objc; path = User.m; sourceTree = "<group>"; };
		50932A9D1957714900674269 /* CUSales.h */ = {isa = PBXFileReference; fileEncoding = 4; lastKnownFileType = sourcecode.c.h; path = CUSales.h; sourceTree = "<group>"; };
		50932A9E1957714900674269 /* CUSales.m */ = {isa = PBXFileReference; fileEncoding = 4; lastKnownFileType = sourcecode.c.objc; path = CUSales.m; sourceTree = "<group>"; };
		50932AA01957726100674269 /* CUTickets.h */ = {isa = PBXFileReference; fileEncoding = 4; lastKnownFileType = sourcecode.c.h; path = CUTickets.h; sourceTree = "<group>"; };
		50932AA11957726100674269 /* CUTickets.m */ = {isa = PBXFileReference; fileEncoding = 4; lastKnownFileType = sourcecode.c.objc; path = CUTickets.m; sourceTree = "<group>"; };
		50932AA91959013600674269 /* PFProductsViewController.h */ = {isa = PBXFileReference; fileEncoding = 4; lastKnownFileType = sourcecode.c.h; path = PFProductsViewController.h; sourceTree = "<group>"; };
		50932AAA1959013600674269 /* PFProductsViewController.m */ = {isa = PBXFileReference; fileEncoding = 4; lastKnownFileType = sourcecode.c.objc; path = PFProductsViewController.m; sourceTree = "<group>"; };
		50932AAB1959013600674269 /* PFProductTableViewCell.h */ = {isa = PBXFileReference; fileEncoding = 4; lastKnownFileType = sourcecode.c.h; path = PFProductTableViewCell.h; sourceTree = "<group>"; };
		50932AAC1959013600674269 /* PFProductTableViewCell.m */ = {isa = PBXFileReference; fileEncoding = 4; lastKnownFileType = sourcecode.c.objc; path = PFProductTableViewCell.m; sourceTree = "<group>"; };
		50932AAD1959013600674269 /* PFShippingViewController.h */ = {isa = PBXFileReference; fileEncoding = 4; lastKnownFileType = sourcecode.c.h; path = PFShippingViewController.h; sourceTree = "<group>"; };
		50932AAE1959013600674269 /* PFShippingViewController.m */ = {isa = PBXFileReference; fileEncoding = 4; lastKnownFileType = sourcecode.c.objc; path = PFShippingViewController.m; sourceTree = "<group>"; };
		50932AAF1959013600674269 /* PFProducts.h */ = {isa = PBXFileReference; fileEncoding = 4; lastKnownFileType = sourcecode.c.h; path = PFProducts.h; sourceTree = "<group>"; };
		50932AB01959013600674269 /* PFProducts.m */ = {isa = PBXFileReference; fileEncoding = 4; lastKnownFileType = sourcecode.c.objc; path = PFProducts.m; sourceTree = "<group>"; };
		50932AB11959013600674269 /* PFFinishViewController.h */ = {isa = PBXFileReference; fileEncoding = 4; lastKnownFileType = sourcecode.c.h; path = PFFinishViewController.h; sourceTree = "<group>"; };
		50932AB21959013600674269 /* PFFinishViewController.m */ = {isa = PBXFileReference; fileEncoding = 4; lastKnownFileType = sourcecode.c.objc; path = PFFinishViewController.m; sourceTree = "<group>"; };
		50932AB31959013600674269 /* PFCheckoutViewController.h */ = {isa = PBXFileReference; fileEncoding = 4; lastKnownFileType = sourcecode.c.h; path = PFCheckoutViewController.h; sourceTree = "<group>"; };
		50932AB41959013600674269 /* PFCheckoutViewController.m */ = {isa = PBXFileReference; fileEncoding = 4; lastKnownFileType = sourcecode.c.objc; path = PFCheckoutViewController.m; sourceTree = "<group>"; };
		50932ABC1959024B00674269 /* MBProgressHUD.h */ = {isa = PBXFileReference; fileEncoding = 4; lastKnownFileType = sourcecode.c.h; path = MBProgressHUD.h; sourceTree = "<group>"; };
		50932ABD1959024B00674269 /* MBProgressHUD.m */ = {isa = PBXFileReference; fileEncoding = 4; lastKnownFileType = sourcecode.c.objc; path = MBProgressHUD.m; sourceTree = "<group>"; };
		50932AC01959027E00674269 /* STPCheckoutView.h */ = {isa = PBXFileReference; fileEncoding = 4; lastKnownFileType = sourcecode.c.h; path = STPCheckoutView.h; sourceTree = "<group>"; };
		50932AC11959027E00674269 /* STPCheckoutView.m */ = {isa = PBXFileReference; fileEncoding = 4; lastKnownFileType = sourcecode.c.objc; path = STPCheckoutView.m; sourceTree = "<group>"; };
		50932AC5195902AE00674269 /* PKAddressZip.h */ = {isa = PBXFileReference; fileEncoding = 4; lastKnownFileType = sourcecode.c.h; path = PKAddressZip.h; sourceTree = "<group>"; };
		50932AC6195902AE00674269 /* PKAddressZip.m */ = {isa = PBXFileReference; fileEncoding = 4; lastKnownFileType = sourcecode.c.objc; path = PKAddressZip.m; sourceTree = "<group>"; };
		50932AC7195902AE00674269 /* PKCard.h */ = {isa = PBXFileReference; fileEncoding = 4; lastKnownFileType = sourcecode.c.h; path = PKCard.h; sourceTree = "<group>"; };
		50932AC8195902AE00674269 /* PKCard.m */ = {isa = PBXFileReference; fileEncoding = 4; lastKnownFileType = sourcecode.c.objc; path = PKCard.m; sourceTree = "<group>"; };
		50932AC9195902AE00674269 /* PKCardCVC.h */ = {isa = PBXFileReference; fileEncoding = 4; lastKnownFileType = sourcecode.c.h; path = PKCardCVC.h; sourceTree = "<group>"; };
		50932ACA195902AE00674269 /* PKCardCVC.m */ = {isa = PBXFileReference; fileEncoding = 4; lastKnownFileType = sourcecode.c.objc; path = PKCardCVC.m; sourceTree = "<group>"; };
		50932ACB195902AE00674269 /* PKCardCVCDelegate.h */ = {isa = PBXFileReference; fileEncoding = 4; lastKnownFileType = sourcecode.c.h; path = PKCardCVCDelegate.h; sourceTree = "<group>"; };
		50932ACC195902AE00674269 /* PKCardCVCDelegate.m */ = {isa = PBXFileReference; fileEncoding = 4; lastKnownFileType = sourcecode.c.objc; path = PKCardCVCDelegate.m; sourceTree = "<group>"; };
		50932ACD195902AE00674269 /* PKCardExpiry.h */ = {isa = PBXFileReference; fileEncoding = 4; lastKnownFileType = sourcecode.c.h; path = PKCardExpiry.h; sourceTree = "<group>"; };
		50932ACE195902AE00674269 /* PKCardExpiry.m */ = {isa = PBXFileReference; fileEncoding = 4; lastKnownFileType = sourcecode.c.objc; path = PKCardExpiry.m; sourceTree = "<group>"; };
		50932ACF195902AE00674269 /* PKCardExpiryDelegate.h */ = {isa = PBXFileReference; fileEncoding = 4; lastKnownFileType = sourcecode.c.h; path = PKCardExpiryDelegate.h; sourceTree = "<group>"; };
		50932AD0195902AE00674269 /* PKCardExpiryDelegate.m */ = {isa = PBXFileReference; fileEncoding = 4; lastKnownFileType = sourcecode.c.objc; path = PKCardExpiryDelegate.m; sourceTree = "<group>"; };
		50932AD1195902AE00674269 /* PKCardNumber.h */ = {isa = PBXFileReference; fileEncoding = 4; lastKnownFileType = sourcecode.c.h; path = PKCardNumber.h; sourceTree = "<group>"; };
		50932AD2195902AE00674269 /* PKCardNumber.m */ = {isa = PBXFileReference; fileEncoding = 4; lastKnownFileType = sourcecode.c.objc; path = PKCardNumber.m; sourceTree = "<group>"; };
		50932AD3195902AE00674269 /* PKCardNumberDelegate.h */ = {isa = PBXFileReference; fileEncoding = 4; lastKnownFileType = sourcecode.c.h; path = PKCardNumberDelegate.h; sourceTree = "<group>"; };
		50932AD4195902AE00674269 /* PKCardNumberDelegate.m */ = {isa = PBXFileReference; fileEncoding = 4; lastKnownFileType = sourcecode.c.objc; path = PKCardNumberDelegate.m; sourceTree = "<group>"; };
		50932AD5195902AE00674269 /* PKCardType.h */ = {isa = PBXFileReference; fileEncoding = 4; lastKnownFileType = sourcecode.c.h; path = PKCardType.h; sourceTree = "<group>"; };
		50932AD6195902AE00674269 /* PKUSAddressZip.h */ = {isa = PBXFileReference; fileEncoding = 4; lastKnownFileType = sourcecode.c.h; path = PKUSAddressZip.h; sourceTree = "<group>"; };
		50932AD7195902AE00674269 /* PKUSAddressZip.m */ = {isa = PBXFileReference; fileEncoding = 4; lastKnownFileType = sourcecode.c.objc; path = PKUSAddressZip.m; sourceTree = "<group>"; };
		50932AD8195902AE00674269 /* PKView.h */ = {isa = PBXFileReference; fileEncoding = 4; lastKnownFileType = sourcecode.c.h; path = PKView.h; sourceTree = "<group>"; };
		50932AD9195902AE00674269 /* PKView.m */ = {isa = PBXFileReference; fileEncoding = 4; lastKnownFileType = sourcecode.c.objc; path = PKView.m; sourceTree = "<group>"; };
		50932AE6195902D300674269 /* amex.png */ = {isa = PBXFileReference; lastKnownFileType = image.png; path = amex.png; sourceTree = "<group>"; };
		50932AE7195902D300674269 /* amex@2x.png */ = {isa = PBXFileReference; lastKnownFileType = image.png; path = "amex@2x.png"; sourceTree = "<group>"; };
		50932AE8195902D300674269 /* cvc-amex.png */ = {isa = PBXFileReference; lastKnownFileType = image.png; path = "cvc-amex.png"; sourceTree = "<group>"; };
		50932AE9195902D300674269 /* cvc-amex@2x.png */ = {isa = PBXFileReference; lastKnownFileType = image.png; path = "cvc-amex@2x.png"; sourceTree = "<group>"; };
		50932AEA195902D300674269 /* cvc.png */ = {isa = PBXFileReference; lastKnownFileType = image.png; path = cvc.png; sourceTree = "<group>"; };
		50932AEB195902D300674269 /* cvc@2x.png */ = {isa = PBXFileReference; lastKnownFileType = image.png; path = "cvc@2x.png"; sourceTree = "<group>"; };
		50932AEC195902D300674269 /* diners.png */ = {isa = PBXFileReference; lastKnownFileType = image.png; path = diners.png; sourceTree = "<group>"; };
		50932AED195902D300674269 /* diners@2x.png */ = {isa = PBXFileReference; lastKnownFileType = image.png; path = "diners@2x.png"; sourceTree = "<group>"; };
		50932AEE195902D300674269 /* discover.png */ = {isa = PBXFileReference; lastKnownFileType = image.png; path = discover.png; sourceTree = "<group>"; };
		50932AEF195902D300674269 /* discover@2x.png */ = {isa = PBXFileReference; lastKnownFileType = image.png; path = "discover@2x.png"; sourceTree = "<group>"; };
		50932AF0195902D300674269 /* jcb.png */ = {isa = PBXFileReference; lastKnownFileType = image.png; path = jcb.png; sourceTree = "<group>"; };
		50932AF1195902D300674269 /* jcb@2x.png */ = {isa = PBXFileReference; lastKnownFileType = image.png; path = "jcb@2x.png"; sourceTree = "<group>"; };
		50932AF2195902D300674269 /* mastercard.png */ = {isa = PBXFileReference; lastKnownFileType = image.png; path = mastercard.png; sourceTree = "<group>"; };
		50932AF3195902D300674269 /* mastercard@2x.png */ = {isa = PBXFileReference; lastKnownFileType = image.png; path = "mastercard@2x.png"; sourceTree = "<group>"; };
		50932AF4195902D300674269 /* placeholder.png */ = {isa = PBXFileReference; lastKnownFileType = image.png; path = placeholder.png; sourceTree = "<group>"; };
		50932AF5195902D300674269 /* placeholder@2x.png */ = {isa = PBXFileReference; lastKnownFileType = image.png; path = "placeholder@2x.png"; sourceTree = "<group>"; };
		50932AF6195902D300674269 /* visa.png */ = {isa = PBXFileReference; lastKnownFileType = image.png; path = visa.png; sourceTree = "<group>"; };
		50932AF7195902D300674269 /* visa@2x.png */ = {isa = PBXFileReference; lastKnownFileType = image.png; path = "visa@2x.png"; sourceTree = "<group>"; };
		50932B0B195902EB00674269 /* STPCard.h */ = {isa = PBXFileReference; fileEncoding = 4; lastKnownFileType = sourcecode.c.h; path = STPCard.h; sourceTree = "<group>"; };
		50932B0C195902EB00674269 /* STPCard.m */ = {isa = PBXFileReference; fileEncoding = 4; lastKnownFileType = sourcecode.c.objc; path = STPCard.m; sourceTree = "<group>"; };
		50932B0D195902EB00674269 /* STPToken.h */ = {isa = PBXFileReference; fileEncoding = 4; lastKnownFileType = sourcecode.c.h; path = STPToken.h; sourceTree = "<group>"; };
		50932B0E195902EB00674269 /* STPToken.m */ = {isa = PBXFileReference; fileEncoding = 4; lastKnownFileType = sourcecode.c.objc; path = STPToken.m; sourceTree = "<group>"; };
		50932B0F195902EB00674269 /* Stripe-Prefix.pch */ = {isa = PBXFileReference; fileEncoding = 4; lastKnownFileType = sourcecode.c.h; path = "Stripe-Prefix.pch"; sourceTree = "<group>"; };
		50932B10195902EB00674269 /* Stripe.h */ = {isa = PBXFileReference; fileEncoding = 4; lastKnownFileType = sourcecode.c.h; path = Stripe.h; sourceTree = "<group>"; };
		50932B11195902EB00674269 /* Stripe.m */ = {isa = PBXFileReference; fileEncoding = 4; lastKnownFileType = sourcecode.c.objc; path = Stripe.m; sourceTree = "<group>"; };
		50932B12195902EB00674269 /* StripeError.h */ = {isa = PBXFileReference; fileEncoding = 4; lastKnownFileType = sourcecode.c.h; path = StripeError.h; sourceTree = "<group>"; };
		50932B13195902EB00674269 /* StripeError.m */ = {isa = PBXFileReference; fileEncoding = 4; lastKnownFileType = sourcecode.c.objc; path = StripeError.m; sourceTree = "<group>"; };
		50932B731960B77000674269 /* CUMemberViewController.h */ = {isa = PBXFileReference; fileEncoding = 4; lastKnownFileType = sourcecode.c.h; path = CUMemberViewController.h; sourceTree = "<group>"; };
		50932B741960B77000674269 /* CUMemberViewController.m */ = {isa = PBXFileReference; fileEncoding = 4; lastKnownFileType = sourcecode.c.objc; path = CUMemberViewController.m; sourceTree = "<group>"; };
		50932B751960B77000674269 /* CUMemberViewController.xib */ = {isa = PBXFileReference; fileEncoding = 4; lastKnownFileType = file.xib; path = CUMemberViewController.xib; sourceTree = "<group>"; };
		50932B78196D215C00674269 /* QRGenerator.h */ = {isa = PBXFileReference; fileEncoding = 4; lastKnownFileType = sourcecode.c.h; path = QRGenerator.h; sourceTree = "<group>"; };
		50932B79196D215C00674269 /* QRGenerator.m */ = {isa = PBXFileReference; fileEncoding = 4; lastKnownFileType = sourcecode.c.objc; path = QRGenerator.m; sourceTree = "<group>"; };
		6627D301FBE3450A9F9CC593 /* libPods-Chinese Union.a */ = {isa = PBXFileReference; explicitFileType = archive.ar; includeInIndex = 0; path = "libPods-Chinese Union.a"; sourceTree = BUILT_PRODUCTS_DIR; };
		8C1C125702F1468AAB7DD6F3 /* Pods-Chinese Union.xcconfig */ = {isa = PBXFileReference; includeInIndex = 1; lastKnownFileType = text.xcconfig; name = "Pods-Chinese Union.xcconfig"; path = "Pods/Pods-Chinese Union.xcconfig"; sourceTree = "<group>"; };
/* End PBXFileReference section */

/* Begin PBXFrameworksBuildPhase section */
		5005F21F193EAC1600BF3DAC /* Frameworks */ = {
			isa = PBXFrameworksBuildPhase;
			buildActionMask = 2147483647;
			files = (
				420CDC3419639AC2001EED84 /* CoreVideo.framework in Frameworks */,
				420CDC3219639AB9001EED84 /* CoreMedia.framework in Frameworks */,
				5005F228193EAC1600BF3DAC /* CoreGraphics.framework in Frameworks */,
				420CDC3019639AA8001EED84 /* AVFoundation.framework in Frameworks */,
				5005F25F193ECDA700BF3DAC /* MobileCoreServices.framework in Frameworks */,
				5005F28D193EE09200BF3DAC /* Social.framework in Frameworks */,
				42E313F01963D6B000F5CFBC /* Appsee.framework in Frameworks */,
				5005F267193ECDC400BF3DAC /* SystemConfiguration.framework in Frameworks */,
				5005F265193ECDBC00BF3DAC /* StoreKit.framework in Frameworks */,
				5005F263193ECDB500BF3DAC /* Security.framework in Frameworks */,
				5005F261193ECDAF00BF3DAC /* QuartzCore.framework in Frameworks */,
				5005F25D193ECD9F00BF3DAC /* libz.dylib in Frameworks */,
				5005F25B193ECD9500BF3DAC /* CoreLocation.framework in Frameworks */,
				5005F259193ECD7C00BF3DAC /* CFNetwork.framework in Frameworks */,
				5005F257193ECD7400BF3DAC /* AudioToolbox.framework in Frameworks */,
				5005F22A193EAC1600BF3DAC /* UIKit.framework in Frameworks */,
				5005F255193ECD3A00BF3DAC /* Parse.framework in Frameworks */,
				5005F226193EAC1600BF3DAC /* Foundation.framework in Frameworks */,
				5005F278193ED8C500BF3DAC /* FacebookSDK.framework in Frameworks */,
				2773CD64DAD2446DB632FF8B /* libPods-Chinese Union.a in Frameworks */,
			);
			runOnlyForDeploymentPostprocessing = 0;
		};
		5005F23A193EAC1700BF3DAC /* Frameworks */ = {
			isa = PBXFrameworksBuildPhase;
			buildActionMask = 2147483647;
			files = (
				5005F23F193EAC1700BF3DAC /* XCTest.framework in Frameworks */,
				5005F241193EAC1700BF3DAC /* UIKit.framework in Frameworks */,
				5005F240193EAC1700BF3DAC /* Foundation.framework in Frameworks */,
			);
			runOnlyForDeploymentPostprocessing = 0;
		};
/* End PBXFrameworksBuildPhase section */

/* Begin PBXGroup section */
		42308B21193FBEE30022D3E7 /* MosaicLayout */ = {
			isa = PBXGroup;
			children = (
				42308B22193FBEE30022D3E7 /* Controllers */,
				42308B25193FBEE30022D3E7 /* Entities */,
				42308B28193FBEE30022D3E7 /* Protocols */,
				42308B2A193FBEE30022D3E7 /* Views */,
			);
			path = MosaicLayout;
			sourceTree = "<group>";
		};
		42308B22193FBEE30022D3E7 /* Controllers */ = {
			isa = PBXGroup;
			children = (
				42308B23193FBEE30022D3E7 /* MosaicLayout.h */,
				42308B24193FBEE30022D3E7 /* MosaicLayout.m */,
			);
			path = Controllers;
			sourceTree = "<group>";
		};
		42308B25193FBEE30022D3E7 /* Entities */ = {
			isa = PBXGroup;
			children = (
				42308B26193FBEE30022D3E7 /* MosaicData.h */,
				42308B27193FBEE30022D3E7 /* MosaicData.m */,
			);
			path = Entities;
			sourceTree = "<group>";
		};
		42308B28193FBEE30022D3E7 /* Protocols */ = {
			isa = PBXGroup;
			children = (
				42308B29193FBEE30022D3E7 /* MosaicLayoutDelegate.h */,
			);
			path = Protocols;
			sourceTree = "<group>";
		};
		42308B2A193FBEE30022D3E7 /* Views */ = {
			isa = PBXGroup;
			children = (
				42308B2B193FBEE30022D3E7 /* MosaicCell.h */,
				42308B2C193FBEE30022D3E7 /* MosaicCell.m */,
			);
			path = Views;
			sourceTree = "<group>";
		};
		42308B3B193FC1030022D3E7 /* AFNetworking */ = {
			isa = PBXGroup;
			children = (
				42308B3C193FC1030022D3E7 /* AFHTTPClient.h */,
				42308B3D193FC1030022D3E7 /* AFHTTPClient.m */,
				42308B3E193FC1030022D3E7 /* AFHTTPRequestOperation.h */,
				42308B3F193FC1030022D3E7 /* AFHTTPRequestOperation.m */,
				42308B40193FC1030022D3E7 /* AFImageRequestOperation.h */,
				42308B41193FC1030022D3E7 /* AFImageRequestOperation.m */,
				42308B42193FC1030022D3E7 /* AFJSONRequestOperation.h */,
				42308B43193FC1030022D3E7 /* AFJSONRequestOperation.m */,
				42308B44193FC1030022D3E7 /* AFNetworkActivityIndicatorManager.h */,
				42308B45193FC1030022D3E7 /* AFNetworkActivityIndicatorManager.m */,
				42308B46193FC1030022D3E7 /* AFNetworking.h */,
				42308B47193FC1030022D3E7 /* AFPropertyListRequestOperation.h */,
				42308B48193FC1030022D3E7 /* AFPropertyListRequestOperation.m */,
				42308B49193FC1030022D3E7 /* AFURLConnectionOperation.h */,
				42308B4A193FC1030022D3E7 /* AFURLConnectionOperation.m */,
				42308B4B193FC1030022D3E7 /* AFXMLRequestOperation.h */,
				42308B4C193FC1030022D3E7 /* AFXMLRequestOperation.m */,
				42308B4D193FC1030022D3E7 /* UIImageView+AFNetworking.h */,
				42308B4E193FC1030022D3E7 /* UIImageView+AFNetworking.m */,
			);
			path = AFNetworking;
			sourceTree = "<group>";
		};
		4243BD8D1958FF2100E23603 /* Store */ = {
			isa = PBXGroup;
			children = (
				50932AC31959028500674269 /* Vendor */,
				50932ABF1959024F00674269 /* Checkout */,
				50932ABB1959023B00674269 /* MBProgressHUD */,
				50932AA91959013600674269 /* PFProductsViewController.h */,
				50932AAA1959013600674269 /* PFProductsViewController.m */,
				50932AAB1959013600674269 /* PFProductTableViewCell.h */,
				50932AAC1959013600674269 /* PFProductTableViewCell.m */,
				50932AAD1959013600674269 /* PFShippingViewController.h */,
				50932AAE1959013600674269 /* PFShippingViewController.m */,
				50932AAF1959013600674269 /* PFProducts.h */,
				50932AB01959013600674269 /* PFProducts.m */,
				50932AB11959013600674269 /* PFFinishViewController.h */,
				50932AB21959013600674269 /* PFFinishViewController.m */,
				50932AB31959013600674269 /* PFCheckoutViewController.h */,
				50932AB41959013600674269 /* PFCheckoutViewController.m */,
			);
			name = Store;
			sourceTree = "<group>";
		};
		426CEE45194D236100522DCF /* SLGlowingTextField */ = {
			isa = PBXGroup;
			children = (
				426CEE46194D236F00522DCF /* SLGlowingTextField.h */,
				426CEE47194D236F00522DCF /* SLGlowingTextField.m */,
			);
			name = SLGlowingTextField;
			sourceTree = "<group>";
		};
		426CEE53194D458800522DCF /* Categories */ = {
			isa = PBXGroup;
			children = (
				426CEE54194D459400522DCF /* NSString+Additions.h */,
				426CEE55194D459400522DCF /* NSString+Additions.m */,
				42D339581960C75500F1CB8F /* UIViewController+Additions.h */,
				42D339591960C75500F1CB8F /* UIViewController+Additions.m */,
				42D3396F1960E4D000F1CB8F /* NSDateFormatter+Additions.h */,
				42D339701960E4D000F1CB8F /* NSDateFormatter+Additions.m */,
			);
			name = Categories;
			sourceTree = "<group>";
		};
		42D339771960EB3200F1CB8F /* Deprecated */ = {
			isa = PBXGroup;
			children = (
				5005F279193EDD7500BF3DAC /* MyLogInViewController.h */,
				5005F27A193EDD7500BF3DAC /* MyLogInViewController.m */,
				5005F27B193EDD7500BF3DAC /* MySignUpViewController.h */,
				5005F27C193EDD7500BF3DAC /* MySignUpViewController.m */,
			);
			name = Deprecated;
			sourceTree = "<group>";
		};
		5005F219193EAC1600BF3DAC = {
			isa = PBXGroup;
			children = (
				5005F22B193EAC1600BF3DAC /* Chinese Union */,
				5005F244193EAC1700BF3DAC /* Chinese UnionTests */,
				5005F224193EAC1600BF3DAC /* Frameworks */,
				5005F223193EAC1600BF3DAC /* Products */,
				8C1C125702F1468AAB7DD6F3 /* Pods-Chinese Union.xcconfig */,
			);
			sourceTree = "<group>";
		};
		5005F223193EAC1600BF3DAC /* Products */ = {
			isa = PBXGroup;
			children = (
				5005F222193EAC1600BF3DAC /* Chinese Union.app */,
				5005F23D193EAC1700BF3DAC /* Chinese UnionTests.xctest */,
			);
			name = Products;
			sourceTree = "<group>";
		};
		5005F224193EAC1600BF3DAC /* Frameworks */ = {
			isa = PBXGroup;
			children = (
				42E313EF1963D6B000F5CFBC /* Appsee.framework */,
				420CDC3319639AC2001EED84 /* CoreVideo.framework */,
				420CDC3119639AB9001EED84 /* CoreMedia.framework */,
				420CDC2F19639AA8001EED84 /* AVFoundation.framework */,
				420CDC2D19639A9C001EED84 /* Appsee.framework */,
				420CDC2B196396D3001EED84 /* BugSense-iOS.framework */,
				5005F28C193EE09200BF3DAC /* Social.framework */,
				5005F277193ED8C500BF3DAC /* FacebookSDK.framework */,
				5005F266193ECDC400BF3DAC /* SystemConfiguration.framework */,
				5005F264193ECDBC00BF3DAC /* StoreKit.framework */,
				5005F262193ECDB500BF3DAC /* Security.framework */,
				5005F260193ECDAF00BF3DAC /* QuartzCore.framework */,
				5005F25E193ECDA700BF3DAC /* MobileCoreServices.framework */,
				5005F25C193ECD9F00BF3DAC /* libz.dylib */,
				5005F25A193ECD9500BF3DAC /* CoreLocation.framework */,
				5005F258193ECD7C00BF3DAC /* CFNetwork.framework */,
				5005F256193ECD7400BF3DAC /* AudioToolbox.framework */,
				5005F254193ECD3A00BF3DAC /* Parse.framework */,
				5005F225193EAC1600BF3DAC /* Foundation.framework */,
				5005F227193EAC1600BF3DAC /* CoreGraphics.framework */,
				5005F229193EAC1600BF3DAC /* UIKit.framework */,
				5005F23E193EAC1700BF3DAC /* XCTest.framework */,
				6627D301FBE3450A9F9CC593 /* libPods-Chinese Union.a */,
			);
			name = Frameworks;
			sourceTree = "<group>";
		};
		5005F22B193EAC1600BF3DAC /* Chinese Union */ = {
			isa = PBXGroup;
			children = (
				50932B721960B74500674269 /* Member */,
				4243BD8D1958FF2100E23603 /* Store */,
				426CEE53194D458800522DCF /* Categories */,
				426CEE45194D236100522DCF /* SLGlowingTextField */,
				5005F319194A531900BF3DAC /* DataModel */,
				5005F2FF194968E300BF3DAC /* QR */,
				5005F2B619465D5200BF3DAC /* Login and Sign up */,
				42308B21193FBEE30022D3E7 /* MosaicLayout */,
				42308B3B193FC1030022D3E7 /* AFNetworking */,
				5005F2AD193EE7CD00BF3DAC /* TWTMenu */,
				5005F2A9193EE58000BF3DAC /* TWTSideMenuViewController */,
				5005F268193ED75B00BF3DAC /* Profile */,
				5005F234193EAC1600BF3DAC /* AppDelegate.h */,
				5005F235193EAC1600BF3DAC /* AppDelegate.m */,
				42308B33193FBF260022D3E7 /* CUMainViewController.h */,
				42308B34193FBF260022D3E7 /* CUMainViewController.m */,
				42308B35193FBF260022D3E7 /* CUMainViewController.xib */,
				42308B38193FC0670022D3E7 /* CustomDataSource.h */,
				42308B39193FC0670022D3E7 /* CustomDataSource.m */,
				42308B58193FC14A0022D3E7 /* data.json */,
				5005F237193EAC1700BF3DAC /* Images.xcassets */,
				5005F22C193EAC1600BF3DAC /* Supporting Files */,
			);
			path = "Chinese Union";
			sourceTree = "<group>";
		};
		5005F22C193EAC1600BF3DAC /* Supporting Files */ = {
			isa = PBXGroup;
			children = (
				5005F22D193EAC1600BF3DAC /* Chinese Union-Info.plist */,
				5005F22E193EAC1600BF3DAC /* InfoPlist.strings */,
				5005F231193EAC1600BF3DAC /* main.m */,
				5005F233193EAC1600BF3DAC /* Chinese Union-Prefix.pch */,
			);
			name = "Supporting Files";
			sourceTree = "<group>";
		};
		5005F244193EAC1700BF3DAC /* Chinese UnionTests */ = {
			isa = PBXGroup;
			children = (
				5005F24A193EAC1700BF3DAC /* Chinese_UnionTests.m */,
				5005F245193EAC1700BF3DAC /* Supporting Files */,
			);
			path = "Chinese UnionTests";
			sourceTree = "<group>";
		};
		5005F245193EAC1700BF3DAC /* Supporting Files */ = {
			isa = PBXGroup;
			children = (
				5005F246193EAC1700BF3DAC /* Chinese UnionTests-Info.plist */,
				5005F247193EAC1700BF3DAC /* InfoPlist.strings */,
			);
			name = "Supporting Files";
			sourceTree = "<group>";
		};
		5005F268193ED75B00BF3DAC /* Profile */ = {
			isa = PBXGroup;
			children = (
				5005F27D193EDD7500BF3DAC /* ProfileViewController.h */,
				5005F27E193EDD7500BF3DAC /* ProfileViewController.m */,
				5005F27F193EDD7500BF3DAC /* ProfileViewController.xib */,
				42D3395B1960DBF300F1CB8F /* CUEditProfileViewController.h */,
				42D3395C1960DBF300F1CB8F /* CUEditProfileViewController.m */,
				42D3395D1960DBF300F1CB8F /* CUEditProfileViewController.xib */,
				42D339621960DD5A00F1CB8F /* CUProfileTextCell.h */,
				42D339631960DD5A00F1CB8F /* CUProfileTextCell.m */,
				42D339641960DD5A00F1CB8F /* CUProfileTextCell.xib */,
				42D3396A1960DE7900F1CB8F /* CUProfilePicCell.h */,
				42D3396B1960DE7900F1CB8F /* CUProfilePicCell.m */,
				42D3396C1960DE7900F1CB8F /* CUProfilePicCell.xib */,
				42D339721960EA4200F1CB8F /* CUEditProfileTextViewController.h */,
				42D339731960EA4200F1CB8F /* CUEditProfileTextViewController.m */,
				42D339741960EA4200F1CB8F /* CUEditProfileTextViewController.xib */,
				42E313EA1963BFA700F5CFBC /* CUEditProfileBDViewController.h */,
				42E313EB1963BFA700F5CFBC /* CUEditProfileBDViewController.m */,
				42E313EC1963BFA700F5CFBC /* CUEditProfileBDViewController.xib */,
				42D9DB2B1969EC4700720C31 /* CUProfileEditOption.h */,
				421C0EF41971E84B008711BD /* CUEditProfileGenderViewController.h */,
				421C0EF51971E84B008711BD /* CUEditProfileGenderViewController.m */,
				421C0EF61971E84B008711BD /* CUEditProfileGenderViewController.xib */,
			);
			name = Profile;
			sourceTree = "<group>";
		};
		5005F2A9193EE58000BF3DAC /* TWTSideMenuViewController */ = {
			isa = PBXGroup;
			children = (
				5005F2AA193EE58000BF3DAC /* TWTSideMenuViewController.h */,
				5005F2AB193EE58000BF3DAC /* TWTSideMenuViewController.m */,
			);
			path = TWTSideMenuViewController;
			sourceTree = "<group>";
		};
		5005F2AD193EE7CD00BF3DAC /* TWTMenu */ = {
			isa = PBXGroup;
			children = (
				5005F2AE193EE7E200BF3DAC /* TWTMainViewController.h */,
				5005F2AF193EE7E200BF3DAC /* TWTMainViewController.m */,
				5005F2B0193EE7E200BF3DAC /* TWTMenuViewController.h */,
				5005F2B1193EE7E200BF3DAC /* TWTMenuViewController.m */,
			);
			name = TWTMenu;
			sourceTree = "<group>";
		};
		5005F2B619465D5200BF3DAC /* Login and Sign up */ = {
			isa = PBXGroup;
			children = (
				42D339771960EB3200F1CB8F /* Deprecated */,
				5005F2B719467A1700BF3DAC /* SignUpViewController.h */,
				5005F2B819467A1700BF3DAC /* SignUpViewController.m */,
				5005F2B919467A1700BF3DAC /* SignUpViewController.xib */,
				426CEE4E194D2BDE00522DCF /* CULoginViewController.h */,
				426CEE4F194D2BDE00522DCF /* CULoginViewController.m */,
				426CEE50194D2BDE00522DCF /* CULoginViewController.xib */,
				425490771957D92B005A61B0 /* CUInputButton.h */,
				425490781957D92B005A61B0 /* CUInputButton.m */,
			);
			name = "Login and Sign up";
			sourceTree = "<group>";
		};
		5005F2FF194968E300BF3DAC /* QR */ = {
			isa = PBXGroup;
			children = (
				5005F300194968E300BF3DAC /* libqrencode */,
				5005F30F194968E300BF3DAC /* UIImage+MDQRCode.h */,
				5005F310194968E300BF3DAC /* UIImage+MDQRCode.m */,
				50932B78196D215C00674269 /* QRGenerator.h */,
				50932B79196D215C00674269 /* QRGenerator.m */,
			);
			path = QR;
			sourceTree = "<group>";
		};
		5005F300194968E300BF3DAC /* libqrencode */ = {
			isa = PBXGroup;
			children = (
				5005F301194968E300BF3DAC /* bitstream.c */,
				5005F302194968E300BF3DAC /* bitstream.h */,
				5005F303194968E300BF3DAC /* mask.c */,
				5005F304194968E300BF3DAC /* mask.h */,
				5005F305194968E300BF3DAC /* qrencode.c */,
				5005F306194968E300BF3DAC /* qrencode.h */,
				5005F307194968E300BF3DAC /* qrinput.c */,
				5005F308194968E300BF3DAC /* qrinput.h */,
				5005F309194968E300BF3DAC /* qrspec.c */,
				5005F30A194968E300BF3DAC /* qrspec.h */,
				5005F30B194968E300BF3DAC /* rscode.c */,
				5005F30C194968E300BF3DAC /* rscode.h */,
				5005F30D194968E300BF3DAC /* split.c */,
				5005F30E194968E300BF3DAC /* split.h */,
			);
			path = libqrencode;
			sourceTree = "<group>";
		};
		5005F319194A531900BF3DAC /* DataModel */ = {
			isa = PBXGroup;
			children = (
				5005F31A194A534B00BF3DAC /* CUMembers.h */,
				5005F31B194A534B00BF3DAC /* CUMembers.m */,
				5005F31D194A54A100BF3DAC /* CUEvents.h */,
				5005F31E194A54A100BF3DAC /* CUEvents.m */,
				5005F320194A554F00BF3DAC /* CUProducts.h */,
				5005F321194A554F00BF3DAC /* CUProducts.m */,
				5005F323194A587100BF3DAC /* User.h */,
				5005F324194A587100BF3DAC /* User.m */,
				50932A9D1957714900674269 /* CUSales.h */,
				50932A9E1957714900674269 /* CUSales.m */,
				50932AA01957726100674269 /* CUTickets.h */,
				50932AA11957726100674269 /* CUTickets.m */,
			);
			name = DataModel;
			sourceTree = "<group>";
		};
		50932ABB1959023B00674269 /* MBProgressHUD */ = {
			isa = PBXGroup;
			children = (
				50932ABC1959024B00674269 /* MBProgressHUD.h */,
				50932ABD1959024B00674269 /* MBProgressHUD.m */,
			);
			name = MBProgressHUD;
			sourceTree = "<group>";
		};
		50932ABF1959024F00674269 /* Checkout */ = {
			isa = PBXGroup;
			children = (
				50932AC01959027E00674269 /* STPCheckoutView.h */,
				50932AC11959027E00674269 /* STPCheckoutView.m */,
			);
			name = Checkout;
			sourceTree = "<group>";
		};
		50932AC31959028500674269 /* Vendor */ = {
			isa = PBXGroup;
			children = (
				50932B0A195902E100674269 /* Stripe */,
				50932AC41959028B00674269 /* PaymentKit */,
			);
			name = Vendor;
			sourceTree = "<group>";
		};
		50932AC41959028B00674269 /* PaymentKit */ = {
			isa = PBXGroup;
			children = (
				50932AE4195902BC00674269 /* Resources */,
				50932AC5195902AE00674269 /* PKAddressZip.h */,
				50932AC6195902AE00674269 /* PKAddressZip.m */,
				50932AC7195902AE00674269 /* PKCard.h */,
				50932AC8195902AE00674269 /* PKCard.m */,
				50932AC9195902AE00674269 /* PKCardCVC.h */,
				50932ACA195902AE00674269 /* PKCardCVC.m */,
				50932ACB195902AE00674269 /* PKCardCVCDelegate.h */,
				50932ACC195902AE00674269 /* PKCardCVCDelegate.m */,
				50932ACD195902AE00674269 /* PKCardExpiry.h */,
				50932ACE195902AE00674269 /* PKCardExpiry.m */,
				50932ACF195902AE00674269 /* PKCardExpiryDelegate.h */,
				50932AD0195902AE00674269 /* PKCardExpiryDelegate.m */,
				50932AD1195902AE00674269 /* PKCardNumber.h */,
				50932AD2195902AE00674269 /* PKCardNumber.m */,
				50932AD3195902AE00674269 /* PKCardNumberDelegate.h */,
				50932AD4195902AE00674269 /* PKCardNumberDelegate.m */,
				50932AD5195902AE00674269 /* PKCardType.h */,
				50932AD6195902AE00674269 /* PKUSAddressZip.h */,
				50932AD7195902AE00674269 /* PKUSAddressZip.m */,
				50932AD8195902AE00674269 /* PKView.h */,
				50932AD9195902AE00674269 /* PKView.m */,
			);
			name = PaymentKit;
			sourceTree = "<group>";
		};
		50932AE4195902BC00674269 /* Resources */ = {
			isa = PBXGroup;
			children = (
				50932AE5195902C700674269 /* Cards */,
			);
			name = Resources;
			sourceTree = "<group>";
		};
		50932AE5195902C700674269 /* Cards */ = {
			isa = PBXGroup;
			children = (
				50932AE6195902D300674269 /* amex.png */,
				50932AE7195902D300674269 /* amex@2x.png */,
				50932AE8195902D300674269 /* cvc-amex.png */,
				50932AE9195902D300674269 /* cvc-amex@2x.png */,
				50932AEA195902D300674269 /* cvc.png */,
				50932AEB195902D300674269 /* cvc@2x.png */,
				50932AEC195902D300674269 /* diners.png */,
				50932AED195902D300674269 /* diners@2x.png */,
				50932AEE195902D300674269 /* discover.png */,
				50932AEF195902D300674269 /* discover@2x.png */,
				50932AF0195902D300674269 /* jcb.png */,
				50932AF1195902D300674269 /* jcb@2x.png */,
				50932AF2195902D300674269 /* mastercard.png */,
				50932AF3195902D300674269 /* mastercard@2x.png */,
				50932AF4195902D300674269 /* placeholder.png */,
				50932AF5195902D300674269 /* placeholder@2x.png */,
				50932AF6195902D300674269 /* visa.png */,
				50932AF7195902D300674269 /* visa@2x.png */,
			);
			name = Cards;
			sourceTree = "<group>";
		};
		50932B0A195902E100674269 /* Stripe */ = {
			isa = PBXGroup;
			children = (
				50932B0B195902EB00674269 /* STPCard.h */,
				50932B0C195902EB00674269 /* STPCard.m */,
				50932B0D195902EB00674269 /* STPToken.h */,
				50932B0E195902EB00674269 /* STPToken.m */,
				50932B0F195902EB00674269 /* Stripe-Prefix.pch */,
				50932B10195902EB00674269 /* Stripe.h */,
				50932B11195902EB00674269 /* Stripe.m */,
				50932B12195902EB00674269 /* StripeError.h */,
				50932B13195902EB00674269 /* StripeError.m */,
			);
			name = Stripe;
			sourceTree = "<group>";
		};
		50932B721960B74500674269 /* Member */ = {
			isa = PBXGroup;
			children = (
				50932B731960B77000674269 /* CUMemberViewController.h */,
				50932B741960B77000674269 /* CUMemberViewController.m */,
				50932B751960B77000674269 /* CUMemberViewController.xib */,
			);
			name = Member;
			sourceTree = "<group>";
		};
/* End PBXGroup section */

/* Begin PBXNativeTarget section */
		5005F221193EAC1600BF3DAC /* Chinese Union */ = {
			isa = PBXNativeTarget;
			buildConfigurationList = 5005F24E193EAC1700BF3DAC /* Build configuration list for PBXNativeTarget "Chinese Union" */;
			buildPhases = (
				8D253E0FE199465FA6F65743 /* Check Pods Manifest.lock */,
				5005F21E193EAC1600BF3DAC /* Sources */,
				5005F21F193EAC1600BF3DAC /* Frameworks */,
				5005F220193EAC1600BF3DAC /* Resources */,
				13B7630B84F34CF9BEF6AC6B /* Copy Pods Resources */,
			);
			buildRules = (
			);
			dependencies = (
			);
			name = "Chinese Union";
			productName = "Chinese Union";
			productReference = 5005F222193EAC1600BF3DAC /* Chinese Union.app */;
			productType = "com.apple.product-type.application";
		};
		5005F23C193EAC1700BF3DAC /* Chinese UnionTests */ = {
			isa = PBXNativeTarget;
			buildConfigurationList = 5005F251193EAC1700BF3DAC /* Build configuration list for PBXNativeTarget "Chinese UnionTests" */;
			buildPhases = (
				5005F239193EAC1700BF3DAC /* Sources */,
				5005F23A193EAC1700BF3DAC /* Frameworks */,
				5005F23B193EAC1700BF3DAC /* Resources */,
			);
			buildRules = (
			);
			dependencies = (
				5005F243193EAC1700BF3DAC /* PBXTargetDependency */,
			);
			name = "Chinese UnionTests";
			productName = "Chinese UnionTests";
			productReference = 5005F23D193EAC1700BF3DAC /* Chinese UnionTests.xctest */;
			productType = "com.apple.product-type.bundle.unit-test";
		};
/* End PBXNativeTarget section */

/* Begin PBXProject section */
		5005F21A193EAC1600BF3DAC /* Project object */ = {
			isa = PBXProject;
			attributes = {
				LastUpgradeCheck = 0510;
				ORGANIZATIONNAME = ucsd.ChineseUnion;
				TargetAttributes = {
					5005F221193EAC1600BF3DAC = {
						DevelopmentTeam = XBXPNW7EZC;
					};
					5005F23C193EAC1700BF3DAC = {
						TestTargetID = 5005F221193EAC1600BF3DAC;
					};
				};
			};
			buildConfigurationList = 5005F21D193EAC1600BF3DAC /* Build configuration list for PBXProject "Chinese Union" */;
			compatibilityVersion = "Xcode 3.2";
			developmentRegion = English;
			hasScannedForEncodings = 0;
			knownRegions = (
				en,
			);
			mainGroup = 5005F219193EAC1600BF3DAC;
			productRefGroup = 5005F223193EAC1600BF3DAC /* Products */;
			projectDirPath = "";
			projectRoot = "";
			targets = (
				5005F221193EAC1600BF3DAC /* Chinese Union */,
				5005F23C193EAC1700BF3DAC /* Chinese UnionTests */,
			);
		};
/* End PBXProject section */

/* Begin PBXResourcesBuildPhase section */
		5005F220193EAC1600BF3DAC /* Resources */ = {
			isa = PBXResourcesBuildPhase;
			buildActionMask = 2147483647;
			files = (
				42D3395F1960DBF300F1CB8F /* CUEditProfileViewController.xib in Resources */,
				50932AFE195902D300674269 /* diners.png in Resources */,
				50932AFB195902D300674269 /* cvc-amex@2x.png in Resources */,
				50932B01195902D300674269 /* discover@2x.png in Resources */,
				42D339661960DD5A00F1CB8F /* CUProfileTextCell.xib in Resources */,
				50932AFD195902D300674269 /* cvc@2x.png in Resources */,
				50932B771960B77000674269 /* CUMemberViewController.xib in Resources */,
				50932B07195902D300674269 /* placeholder@2x.png in Resources */,
				426CEE52194D2BDE00522DCF /* CULoginViewController.xib in Resources */,
				50932AF9195902D300674269 /* amex@2x.png in Resources */,
				42308B59193FC14A0022D3E7 /* data.json in Resources */,
				50932B04195902D300674269 /* mastercard.png in Resources */,
				42308B37193FBF260022D3E7 /* CUMainViewController.xib in Resources */,
				42D339761960EA4200F1CB8F /* CUEditProfileTextViewController.xib in Resources */,
				50932B06195902D300674269 /* placeholder.png in Resources */,
				5005F230193EAC1600BF3DAC /* InfoPlist.strings in Resources */,
				50932AFC195902D300674269 /* cvc.png in Resources */,
				50932B09195902D300674269 /* visa@2x.png in Resources */,
				50932AFF195902D300674269 /* diners@2x.png in Resources */,
				42D3396E1960DE7900F1CB8F /* CUProfilePicCell.xib in Resources */,
				50932B08195902D300674269 /* visa.png in Resources */,
				50932B05195902D300674269 /* mastercard@2x.png in Resources */,
				5005F238193EAC1700BF3DAC /* Images.xcassets in Resources */,
				5005F2BB19467A1700BF3DAC /* SignUpViewController.xib in Resources */,
				50932B03195902D300674269 /* jcb@2x.png in Resources */,
				421C0EF81971E84B008711BD /* CUEditProfileGenderViewController.xib in Resources */,
				50932AFA195902D300674269 /* cvc-amex.png in Resources */,
				50932AF8195902D300674269 /* amex.png in Resources */,
				50932B02195902D300674269 /* jcb.png in Resources */,
				50932B00195902D300674269 /* discover.png in Resources */,
				5005F283193EDD7500BF3DAC /* ProfileViewController.xib in Resources */,
				42E313EE1963BFA700F5CFBC /* CUEditProfileBDViewController.xib in Resources */,
			);
			runOnlyForDeploymentPostprocessing = 0;
		};
		5005F23B193EAC1700BF3DAC /* Resources */ = {
			isa = PBXResourcesBuildPhase;
			buildActionMask = 2147483647;
			files = (
				5005F249193EAC1700BF3DAC /* InfoPlist.strings in Resources */,
			);
			runOnlyForDeploymentPostprocessing = 0;
		};
/* End PBXResourcesBuildPhase section */

/* Begin PBXShellScriptBuildPhase section */
		13B7630B84F34CF9BEF6AC6B /* Copy Pods Resources */ = {
			isa = PBXShellScriptBuildPhase;
			buildActionMask = 2147483647;
			files = (
			);
			inputPaths = (
			);
			name = "Copy Pods Resources";
			outputPaths = (
			);
			runOnlyForDeploymentPostprocessing = 0;
			shellPath = /bin/sh;
			shellScript = "\"${SRCROOT}/Pods/Pods-Chinese Union-resources.sh\"\n";
			showEnvVarsInLog = 0;
		};
		8D253E0FE199465FA6F65743 /* Check Pods Manifest.lock */ = {
			isa = PBXShellScriptBuildPhase;
			buildActionMask = 2147483647;
			files = (
			);
			inputPaths = (
			);
			name = "Check Pods Manifest.lock";
			outputPaths = (
			);
			runOnlyForDeploymentPostprocessing = 0;
			shellPath = /bin/sh;
			shellScript = "diff \"${PODS_ROOT}/../Podfile.lock\" \"${PODS_ROOT}/Manifest.lock\" > /dev/null\nif [[ $? != 0 ]] ; then\n    cat << EOM\nerror: The sandbox is not in sync with the Podfile.lock. Run 'pod install' or update your CocoaPods installation.\nEOM\n    exit 1\nfi\n";
			showEnvVarsInLog = 0;
		};
/* End PBXShellScriptBuildPhase section */

/* Begin PBXSourcesBuildPhase section */
		5005F21E193EAC1600BF3DAC /* Sources */ = {
			isa = PBXSourcesBuildPhase;
			buildActionMask = 2147483647;
			files = (
				5005F2AC193EE58000BF3DAC /* TWTSideMenuViewController.m in Sources */,
				5005F280193EDD7500BF3DAC /* MyLogInViewController.m in Sources */,
				426CEE51194D2BDE00522DCF /* CULoginViewController.m in Sources */,
				42308B2F193FBEE30022D3E7 /* MosaicCell.m in Sources */,
				50932AB71959013600674269 /* PFShippingViewController.m in Sources */,
				5005F236193EAC1600BF3DAC /* AppDelegate.m in Sources */,
				5005F313194968E300BF3DAC /* qrencode.c in Sources */,
				42D339751960EA4200F1CB8F /* CUEditProfileTextViewController.m in Sources */,
				50932AE2195902AE00674269 /* PKUSAddressZip.m in Sources */,
				50932AB61959013600674269 /* PFProductTableViewCell.m in Sources */,
				50932B7A196D215C00674269 /* QRGenerator.m in Sources */,
				42308B55193FC1030022D3E7 /* AFURLConnectionOperation.m in Sources */,
				42D3396D1960DE7900F1CB8F /* CUProfilePicCell.m in Sources */,
				5005F316194968E300BF3DAC /* rscode.c in Sources */,
				42308B2E193FBEE30022D3E7 /* MosaicData.m in Sources */,
				5005F322194A554F00BF3DAC /* CUProducts.m in Sources */,
				42308B4F193FC1030022D3E7 /* AFHTTPClient.m in Sources */,
				42D339711960E4D000F1CB8F /* NSDateFormatter+Additions.m in Sources */,
				50932ADA195902AE00674269 /* PKAddressZip.m in Sources */,
				50932AC21959027E00674269 /* STPCheckoutView.m in Sources */,
				50932ADC195902AE00674269 /* PKCardCVC.m in Sources */,
				50932A9F1957714900674269 /* CUSales.m in Sources */,
				50932B15195902EB00674269 /* STPToken.m in Sources */,
				425490791957D92B005A61B0 /* CUInputButton.m in Sources */,
				42D3395E1960DBF300F1CB8F /* CUEditProfileViewController.m in Sources */,
				426CEE48194D236F00522DCF /* SLGlowingTextField.m in Sources */,
				5005F311194968E300BF3DAC /* bitstream.c in Sources */,
				42308B54193FC1030022D3E7 /* AFPropertyListRequestOperation.m in Sources */,
				42D339651960DD5A00F1CB8F /* CUProfileTextCell.m in Sources */,
				5005F31F194A54A100BF3DAC /* CUEvents.m in Sources */,
				50932ABA1959013600674269 /* PFCheckoutViewController.m in Sources */,
				50932AE1195902AE00674269 /* PKCardNumberDelegate.m in Sources */,
				50932ADE195902AE00674269 /* PKCardExpiry.m in Sources */,
				42308B2D193FBEE30022D3E7 /* MosaicLayout.m in Sources */,
				50932AB51959013600674269 /* PFProductsViewController.m in Sources */,
				50932AB81959013600674269 /* PFProducts.m in Sources */,
				5005F315194968E300BF3DAC /* qrspec.c in Sources */,
				5005F325194A587100BF3DAC /* User.m in Sources */,
				5005F312194968E300BF3DAC /* mask.c in Sources */,
				42308B57193FC1030022D3E7 /* UIImageView+AFNetworking.m in Sources */,
				50932B761960B77000674269 /* CUMemberViewController.m in Sources */,
				5005F282193EDD7500BF3DAC /* ProfileViewController.m in Sources */,
				5005F314194968E300BF3DAC /* qrinput.c in Sources */,
				42308B53193FC1030022D3E7 /* AFNetworkActivityIndicatorManager.m in Sources */,
				42E313ED1963BFA700F5CFBC /* CUEditProfileBDViewController.m in Sources */,
				5005F318194968E300BF3DAC /* UIImage+MDQRCode.m in Sources */,
				50932ABE1959024B00674269 /* MBProgressHUD.m in Sources */,
				50932AE3195902AE00674269 /* PKView.m in Sources */,
				5005F317194968E300BF3DAC /* split.c in Sources */,
				42308B51193FC1030022D3E7 /* AFImageRequestOperation.m in Sources */,
				50932ADD195902AE00674269 /* PKCardCVCDelegate.m in Sources */,
				5005F31C194A534B00BF3DAC /* CUMembers.m in Sources */,
				50932ADF195902AE00674269 /* PKCardExpiryDelegate.m in Sources */,
				50932ADB195902AE00674269 /* PKCard.m in Sources */,
				50932B14195902EB00674269 /* STPCard.m in Sources */,
				5005F281193EDD7500BF3DAC /* MySignUpViewController.m in Sources */,
				42D3395A1960C75500F1CB8F /* UIViewController+Additions.m in Sources */,
				42308B56193FC1030022D3E7 /* AFXMLRequestOperation.m in Sources */,
				5005F2B3193EE7E200BF3DAC /* TWTMenuViewController.m in Sources */,
				42308B36193FBF260022D3E7 /* CUMainViewController.m in Sources */,
				5005F2B2193EE7E200BF3DAC /* TWTMainViewController.m in Sources */,
				50932B17195902EB00674269 /* StripeError.m in Sources */,
				50932B16195902EB00674269 /* Stripe.m in Sources */,
				5005F2BA19467A1700BF3DAC /* SignUpViewController.m in Sources */,
				50932AB91959013600674269 /* PFFinishViewController.m in Sources */,
				42308B50193FC1030022D3E7 /* AFHTTPRequestOperation.m in Sources */,
				42308B52193FC1030022D3E7 /* AFJSONRequestOperation.m in Sources */,
				5005F232193EAC1600BF3DAC /* main.m in Sources */,
				421C0EF71971E84B008711BD /* CUEditProfileGenderViewController.m in Sources */,
				50932AA21957726100674269 /* CUTickets.m in Sources */,
				42308B3A193FC0670022D3E7 /* CustomDataSource.m in Sources */,
				426CEE56194D459400522DCF /* NSString+Additions.m in Sources */,
				50932AE0195902AE00674269 /* PKCardNumber.m in Sources */,
			);
			runOnlyForDeploymentPostprocessing = 0;
		};
		5005F239193EAC1700BF3DAC /* Sources */ = {
			isa = PBXSourcesBuildPhase;
			buildActionMask = 2147483647;
			files = (
				5005F24B193EAC1700BF3DAC /* Chinese_UnionTests.m in Sources */,
			);
			runOnlyForDeploymentPostprocessing = 0;
		};
/* End PBXSourcesBuildPhase section */

/* Begin PBXTargetDependency section */
		5005F243193EAC1700BF3DAC /* PBXTargetDependency */ = {
			isa = PBXTargetDependency;
			target = 5005F221193EAC1600BF3DAC /* Chinese Union */;
			targetProxy = 5005F242193EAC1700BF3DAC /* PBXContainerItemProxy */;
		};
/* End PBXTargetDependency section */

/* Begin PBXVariantGroup section */
		5005F22E193EAC1600BF3DAC /* InfoPlist.strings */ = {
			isa = PBXVariantGroup;
			children = (
				5005F22F193EAC1600BF3DAC /* en */,
			);
			name = InfoPlist.strings;
			sourceTree = "<group>";
		};
		5005F247193EAC1700BF3DAC /* InfoPlist.strings */ = {
			isa = PBXVariantGroup;
			children = (
				5005F248193EAC1700BF3DAC /* en */,
			);
			name = InfoPlist.strings;
			sourceTree = "<group>";
		};
/* End PBXVariantGroup section */

/* Begin XCBuildConfiguration section */
		5005F24C193EAC1700BF3DAC /* Debug */ = {
			isa = XCBuildConfiguration;
			buildSettings = {
				ALWAYS_SEARCH_USER_PATHS = NO;
				CLANG_CXX_LANGUAGE_STANDARD = "gnu++0x";
				CLANG_CXX_LIBRARY = "libc++";
				CLANG_ENABLE_MODULES = YES;
				CLANG_ENABLE_OBJC_ARC = YES;
				CLANG_WARN_BOOL_CONVERSION = YES;
				CLANG_WARN_CONSTANT_CONVERSION = YES;
				CLANG_WARN_DIRECT_OBJC_ISA_USAGE = YES_ERROR;
				CLANG_WARN_EMPTY_BODY = YES;
				CLANG_WARN_ENUM_CONVERSION = YES;
				CLANG_WARN_INT_CONVERSION = YES;
				CLANG_WARN_OBJC_ROOT_CLASS = YES_ERROR;
				CLANG_WARN__DUPLICATE_METHOD_MATCH = YES;
				"CODE_SIGN_IDENTITY[sdk=iphoneos*]" = "iPhone Developer";
				COPY_PHASE_STRIP = NO;
				GCC_C_LANGUAGE_STANDARD = gnu99;
				GCC_DYNAMIC_NO_PIC = NO;
				GCC_OPTIMIZATION_LEVEL = 0;
				GCC_PREPROCESSOR_DEFINITIONS = (
					"DEBUG=1",
					"$(inherited)",
				);
				GCC_SYMBOLS_PRIVATE_EXTERN = NO;
				GCC_WARN_64_TO_32_BIT_CONVERSION = YES;
				GCC_WARN_ABOUT_RETURN_TYPE = YES_ERROR;
				GCC_WARN_UNDECLARED_SELECTOR = YES;
				GCC_WARN_UNINITIALIZED_AUTOS = YES_AGGRESSIVE;
				GCC_WARN_UNUSED_FUNCTION = YES;
				GCC_WARN_UNUSED_VARIABLE = YES;
				IPHONEOS_DEPLOYMENT_TARGET = 7.1;
				ONLY_ACTIVE_ARCH = YES;
				SDKROOT = iphoneos;
			};
			name = Debug;
		};
		5005F24D193EAC1700BF3DAC /* Release */ = {
			isa = XCBuildConfiguration;
			buildSettings = {
				ALWAYS_SEARCH_USER_PATHS = NO;
				CLANG_CXX_LANGUAGE_STANDARD = "gnu++0x";
				CLANG_CXX_LIBRARY = "libc++";
				CLANG_ENABLE_MODULES = YES;
				CLANG_ENABLE_OBJC_ARC = YES;
				CLANG_WARN_BOOL_CONVERSION = YES;
				CLANG_WARN_CONSTANT_CONVERSION = YES;
				CLANG_WARN_DIRECT_OBJC_ISA_USAGE = YES_ERROR;
				CLANG_WARN_EMPTY_BODY = YES;
				CLANG_WARN_ENUM_CONVERSION = YES;
				CLANG_WARN_INT_CONVERSION = YES;
				CLANG_WARN_OBJC_ROOT_CLASS = YES_ERROR;
				CLANG_WARN__DUPLICATE_METHOD_MATCH = YES;
				"CODE_SIGN_IDENTITY[sdk=iphoneos*]" = "iPhone Developer";
				COPY_PHASE_STRIP = YES;
				ENABLE_NS_ASSERTIONS = NO;
				GCC_C_LANGUAGE_STANDARD = gnu99;
				GCC_WARN_64_TO_32_BIT_CONVERSION = YES;
				GCC_WARN_ABOUT_RETURN_TYPE = YES_ERROR;
				GCC_WARN_UNDECLARED_SELECTOR = YES;
				GCC_WARN_UNINITIALIZED_AUTOS = YES_AGGRESSIVE;
				GCC_WARN_UNUSED_FUNCTION = YES;
				GCC_WARN_UNUSED_VARIABLE = YES;
				IPHONEOS_DEPLOYMENT_TARGET = 7.1;
				SDKROOT = iphoneos;
				VALIDATE_PRODUCT = YES;
			};
			name = Release;
		};
		5005F24F193EAC1700BF3DAC /* Debug */ = {
			isa = XCBuildConfiguration;
			baseConfigurationReference = 8C1C125702F1468AAB7DD6F3 /* Pods-Chinese Union.xcconfig */;
			buildSettings = {
				ASSETCATALOG_COMPILER_APPICON_NAME = AppIcon;
				ASSETCATALOG_COMPILER_LAUNCHIMAGE_NAME = LaunchImage;
				CODE_SIGN_IDENTITY = "iPhone Developer";
				"CODE_SIGN_IDENTITY[sdk=iphoneos*]" = "iPhone Developer";
				COPY_PHASE_STRIP = YES;
				FRAMEWORK_SEARCH_PATHS = (
					"$(inherited)",
					"$(PROJECT_DIR)",
					/Users/WeiPingLiao/Desktop/Developer/BugSense,
					3.6,
					/Users/WeiPingLiao/Desktop/Developer/Appsee,
				);
				GCC_PRECOMPILE_PREFIX_HEADER = YES;
				GCC_PREFIX_HEADER = "Chinese Union/Chinese Union-Prefix.pch";
				INFOPLIST_FILE = "Chinese Union/Chinese Union-Info.plist";
				LIBRARY_SEARCH_PATHS = (
					"$(inherited)",
					"$(PROJECT_DIR)",
				);
				PRODUCT_NAME = "$(TARGET_NAME)";
				PROVISIONING_PROFILE = "";
				WRAPPER_EXTENSION = app;
			};
			name = Debug;
		};
		5005F250193EAC1700BF3DAC /* Release */ = {
			isa = XCBuildConfiguration;
			baseConfigurationReference = 8C1C125702F1468AAB7DD6F3 /* Pods-Chinese Union.xcconfig */;
			buildSettings = {
				ASSETCATALOG_COMPILER_APPICON_NAME = AppIcon;
				ASSETCATALOG_COMPILER_LAUNCHIMAGE_NAME = LaunchImage;
				CODE_SIGN_IDENTITY = "iPhone Developer";
				"CODE_SIGN_IDENTITY[sdk=iphoneos*]" = "iPhone Developer";
				COPY_PHASE_STRIP = YES;
				FRAMEWORK_SEARCH_PATHS = (
					"$(inherited)",
					"$(PROJECT_DIR)",
					/Users/WeiPingLiao/Desktop/Developer/BugSense,
					3.6,
					/Users/WeiPingLiao/Desktop/Developer/Appsee,
				);
				GCC_PRECOMPILE_PREFIX_HEADER = YES;
				GCC_PREFIX_HEADER = "Chinese Union/Chinese Union-Prefix.pch";
				INFOPLIST_FILE = "Chinese Union/Chinese Union-Info.plist";
				LIBRARY_SEARCH_PATHS = (
					"$(inherited)",
					"$(PROJECT_DIR)",
				);
				PRODUCT_NAME = "$(TARGET_NAME)";
				PROVISIONING_PROFILE = "";
				WRAPPER_EXTENSION = app;
			};
			name = Release;
		};
		5005F252193EAC1700BF3DAC /* Debug */ = {
			isa = XCBuildConfiguration;
			buildSettings = {
				BUNDLE_LOADER = "$(BUILT_PRODUCTS_DIR)/Chinese Union.app/Chinese Union";
				FRAMEWORK_SEARCH_PATHS = (
					"$(SDKROOT)/Developer/Library/Frameworks",
					"$(inherited)",
					"$(DEVELOPER_FRAMEWORKS_DIR)",
				);
				GCC_PRECOMPILE_PREFIX_HEADER = YES;
				GCC_PREFIX_HEADER = "Chinese Union/Chinese Union-Prefix.pch";
				GCC_PREPROCESSOR_DEFINITIONS = (
					"DEBUG=1",
					"$(inherited)",
				);
				INFOPLIST_FILE = "Chinese UnionTests/Chinese UnionTests-Info.plist";
				PRODUCT_NAME = "$(TARGET_NAME)";
				TEST_HOST = "$(BUNDLE_LOADER)";
				WRAPPER_EXTENSION = xctest;
			};
			name = Debug;
		};
		5005F253193EAC1700BF3DAC /* Release */ = {
			isa = XCBuildConfiguration;
			buildSettings = {
				BUNDLE_LOADER = "$(BUILT_PRODUCTS_DIR)/Chinese Union.app/Chinese Union";
				FRAMEWORK_SEARCH_PATHS = (
					"$(SDKROOT)/Developer/Library/Frameworks",
					"$(inherited)",
					"$(DEVELOPER_FRAMEWORKS_DIR)",
				);
				GCC_PRECOMPILE_PREFIX_HEADER = YES;
				GCC_PREFIX_HEADER = "Chinese Union/Chinese Union-Prefix.pch";
				INFOPLIST_FILE = "Chinese UnionTests/Chinese UnionTests-Info.plist";
				PRODUCT_NAME = "$(TARGET_NAME)";
				TEST_HOST = "$(BUNDLE_LOADER)";
				WRAPPER_EXTENSION = xctest;
			};
			name = Release;
		};
/* End XCBuildConfiguration section */

/* Begin XCConfigurationList section */
		5005F21D193EAC1600BF3DAC /* Build configuration list for PBXProject "Chinese Union" */ = {
			isa = XCConfigurationList;
			buildConfigurations = (
				5005F24C193EAC1700BF3DAC /* Debug */,
				5005F24D193EAC1700BF3DAC /* Release */,
			);
			defaultConfigurationIsVisible = 0;
			defaultConfigurationName = Release;
		};
		5005F24E193EAC1700BF3DAC /* Build configuration list for PBXNativeTarget "Chinese Union" */ = {
			isa = XCConfigurationList;
			buildConfigurations = (
				5005F24F193EAC1700BF3DAC /* Debug */,
				5005F250193EAC1700BF3DAC /* Release */,
			);
			defaultConfigurationIsVisible = 0;
			defaultConfigurationName = Release;
		};
		5005F251193EAC1700BF3DAC /* Build configuration list for PBXNativeTarget "Chinese UnionTests" */ = {
			isa = XCConfigurationList;
			buildConfigurations = (
				5005F252193EAC1700BF3DAC /* Debug */,
				5005F253193EAC1700BF3DAC /* Release */,
			);
			defaultConfigurationIsVisible = 0;
			defaultConfigurationName = Release;
		};
/* End XCConfigurationList section */
	};
	rootObject = 5005F21A193EAC1600BF3DAC /* Project object */;
}
